// !$*UTF8*$!
{
	archiveVersion = 1;
	classes = {
	};
	objectVersion = 46;
	objects = {

/* Begin PBXBuildFile section */
		1AB5EC7C794F1B233778CC1D /* Pods_Carleton150.framework in Frameworks */ = {isa = PBXBuildFile; fileRef = 8BB5E4400873EDD490418BDF /* Pods_Carleton150.framework */; };
		452EDC9E227B8C7500DE8B34 /* MapViewController.swift in Sources */ = {isa = PBXBuildFile; fileRef = 452EDC9D227B8C7500DE8B34 /* MapViewController.swift */; };
		457B69B22277A0F900114DA3 /* Reachability.framework in Frameworks */ = {isa = PBXBuildFile; fileRef = 457B69B12277A0F900114DA3 /* Reachability.framework */; };
		507F2163122E67A30D0F67E6 /* Pods_Carleton150Tests.framework in Frameworks */ = {isa = PBXBuildFile; fileRef = 9F2F66958FC4E4D31211BED8 /* Pods_Carleton150Tests.framework */; };
		606E4BB81DEE3EFC00A64876 /* Alamofire.framework in Frameworks */ = {isa = PBXBuildFile; fileRef = 606E4BB21DEE3EFC00A64876 /* Alamofire.framework */; };
		606E4BB91DEE3EFC00A64876 /* AlamofireImage.framework in Frameworks */ = {isa = PBXBuildFile; fileRef = 606E4BB31DEE3EFC00A64876 /* AlamofireImage.framework */; };
		606E4BBD1DEE3EFC00A64876 /* SwiftyJSON.framework in Frameworks */ = {isa = PBXBuildFile; fileRef = 606E4BB71DEE3EFC00A64876 /* SwiftyJSON.framework */; };
		630B0B4F1C7446D000876031 /* QuestViewController.swift in Sources */ = {isa = PBXBuildFile; fileRef = 630B0B4E1C7446D000876031 /* QuestViewController.swift */; };
		630B0B511C744A8700876031 /* QuestContentViewController.swift in Sources */ = {isa = PBXBuildFile; fileRef = 630B0B501C744A8700876031 /* QuestContentViewController.swift */; };
		63291F361C5971A30064C296 /* TimelineViewController.swift in Sources */ = {isa = PBXBuildFile; fileRef = 63291F351C5971A30064C296 /* TimelineViewController.swift */; };
		63291F381C5979730064C296 /* TimelineTableCells.swift in Sources */ = {isa = PBXBuildFile; fileRef = 63291F371C5979730064C296 /* TimelineTableCells.swift */; };
		634AD3A31C780D26005EBE9C /* Assets.xcassets in Resources */ = {isa = PBXBuildFile; fileRef = 634AD3A21C780D26005EBE9C /* Assets.xcassets */; };
		6353259E1C7A44700027F6E3 /* SystemConfiguration.framework in Frameworks */ = {isa = PBXBuildFile; fileRef = 6353259D1C7A44700027F6E3 /* SystemConfiguration.framework */; };
		6357E6F21C4ED3BC00A28D00 /* HistoricalViewController.swift in Sources */ = {isa = PBXBuildFile; fileRef = 71294DAF1BC6FC1500B9F81B /* HistoricalViewController.swift */; };
		6357E6F31C4ED3BC00A28D00 /* BuildFile in Sources */ = {isa = PBXBuildFile; };
		63A99A6B1C75859D007E6F25 /* QuestModalViewController.swift in Sources */ = {isa = PBXBuildFile; fileRef = 63A99A6A1C75859D007E6F25 /* QuestModalViewController.swift */; };
		63A99A6D1C763AEA007E6F25 /* WaypointsModalViewController.swift in Sources */ = {isa = PBXBuildFile; fileRef = 63A99A6C1C763AEA007E6F25 /* WaypointsModalViewController.swift */; };
		63A99A6F1C763D97007E6F25 /* WaypointTableCell.swift in Sources */ = {isa = PBXBuildFile; fileRef = 63A99A6E1C763D97007E6F25 /* WaypointTableCell.swift */; };
		63F5E9A01C72B60D00CFCB38 /* QuestPlayingViewController.swift in Sources */ = {isa = PBXBuildFile; fileRef = 63F5E99F1C72B60D00CFCB38 /* QuestPlayingViewController.swift */; };
		6A3094401BD9CD4600A16342 /* Landmark.swift in Sources */ = {isa = PBXBuildFile; fileRef = 6A30943F1BD9CD4600A16342 /* Landmark.swift */; };
		711704131BF3EB9E00566464 /* utils.swift in Sources */ = {isa = PBXBuildFile; fileRef = 711704121BF3EB9E00566464 /* utils.swift */; };
		71294DAE1BC6FC1500B9F81B /* AppDelegate.swift in Sources */ = {isa = PBXBuildFile; fileRef = 71294DAD1BC6FC1500B9F81B /* AppDelegate.swift */; };
		71294DB81BC6FC1500B9F81B /* LaunchScreen.storyboard in Resources */ = {isa = PBXBuildFile; fileRef = 71294DB61BC6FC1500B9F81B /* LaunchScreen.storyboard */; };
		71294DCE1BC6FC1500B9F81B /* Carleton150UITests.swift in Sources */ = {isa = PBXBuildFile; fileRef = 71294DCD1BC6FC1500B9F81B /* Carleton150UITests.swift */; };
		71340E581C5214A2007F9E2F /* QuestDataService.swift in Sources */ = {isa = PBXBuildFile; fileRef = 71340E571C5214A2007F9E2F /* QuestDataService.swift */; };
		71340E5A1C5216C8007F9E2F /* HistoricalDataService.swift in Sources */ = {isa = PBXBuildFile; fileRef = 71340E591C5216C8007F9E2F /* HistoricalDataService.swift */; };
		71340E5C1C5217C3007F9E2F /* CalendarDataService.swift in Sources */ = {isa = PBXBuildFile; fileRef = 71340E5B1C5217C3007F9E2F /* CalendarDataService.swift */; };
		713910501CE26FCB008089DF /* CalendarDetailViewController.swift in Sources */ = {isa = PBXBuildFile; fileRef = 7139104F1CE26FCB008089DF /* CalendarDetailViewController.swift */; };
		714C58B01C5ABF1600D6C33E /* Endpoints.swift in Sources */ = {isa = PBXBuildFile; fileRef = 714C58AF1C5ABF1600D6C33E /* Endpoints.swift */; };
		71573EB41C707E5400B3E265 /* TimelineTextDetailView.swift in Sources */ = {isa = PBXBuildFile; fileRef = 71573EB31C707E5400B3E265 /* TimelineTextDetailView.swift */; };
		715AE47E1C4EADF200C8F0C9 /* WayPoint.swift in Sources */ = {isa = PBXBuildFile; fileRef = 715AE47D1C4EADF200C8F0C9 /* WayPoint.swift */; };
		715AE4801C4EB08D00C8F0C9 /* Quest.swift in Sources */ = {isa = PBXBuildFile; fileRef = 715AE47F1C4EB08D00C8F0C9 /* Quest.swift */; };
		7160F69E1CE19BFD00A8D41F /* CalendarViewController.swift in Sources */ = {isa = PBXBuildFile; fileRef = 7160F69D1CE19BFD00A8D41F /* CalendarViewController.swift */; };
		7173509E1CD6FF6F00B9DA7A /* Event.swift in Sources */ = {isa = PBXBuildFile; fileRef = 7173509D1CD6FF6F00B9DA7A /* Event.swift */; };
		7180A72E1C685DAA0080F121 /* TimelineTitleView.swift in Sources */ = {isa = PBXBuildFile; fileRef = 7180A72D1C685DAA0080F121 /* TimelineTitleView.swift */; };
		71A08C201CE233D30071DADA /* CalendarTableCell.swift in Sources */ = {isa = PBXBuildFile; fileRef = 71A08C1F1CE233D30071DADA /* CalendarTableCell.swift */; };
		71ABAA641CD0189700D6BFFE /* Main.storyboard in Resources */ = {isa = PBXBuildFile; fileRef = 71ABAA631CD0189700D6BFFE /* Main.storyboard */; };
		71ABAA661CD01A9B00D6BFFE /* InfoViewController.swift in Sources */ = {isa = PBXBuildFile; fileRef = 71ABAA651CD01A9B00D6BFFE /* InfoViewController.swift */; };
		71B379B91C7928F40057B5B8 /* TutorialViewController.swift in Sources */ = {isa = PBXBuildFile; fileRef = 71B379B81C7928F40057B5B8 /* TutorialViewController.swift */; };
		71CB7A801CF7595C0005171A /* calendarEvent.swift in Sources */ = {isa = PBXBuildFile; fileRef = 71CB7A7F1CF7595C0005171A /* calendarEvent.swift */; };
		71CC5F791BE944220065AA4C /* DataServiceTest.swift in Sources */ = {isa = PBXBuildFile; fileRef = 71CC5F781BE944220065AA4C /* DataServiceTest.swift */; };
		71F0C7C01C7273920063EDB1 /* TimelineDetailView.swift in Sources */ = {isa = PBXBuildFile; fileRef = 71F0C7BF1C7273920063EDB1 /* TimelineDetailView.swift */; };
		71F4E1D11CE39D5B00A69728 /* no-connection.html in Resources */ = {isa = PBXBuildFile; fileRef = 71F4E1D01CE39D5B00A69728 /* no-connection.html */; };
		71F4E1D51CE3DFE600A69728 /* UpdateFailureViewController.swift in Sources */ = {isa = PBXBuildFile; fileRef = 71F4E1D41CE3DFE600A69728 /* UpdateFailureViewController.swift */; };
		71FF6D371C72B2CD004A2B3D /* TimelineImageDetailView.swift in Sources */ = {isa = PBXBuildFile; fileRef = 71FF6D361C72B2CD004A2B3D /* TimelineImageDetailView.swift */; };
		861792FA2BE9B89065546779 /* Pods_Carleton150UITests.framework in Frameworks */ = {isa = PBXBuildFile; fileRef = 1D9A04D864C7E2306C14DD7C /* Pods_Carleton150UITests.framework */; };
/* End PBXBuildFile section */

/* Begin PBXContainerItemProxy section */
		71294DCA1BC6FC1500B9F81B /* PBXContainerItemProxy */ = {
			isa = PBXContainerItemProxy;
			containerPortal = 71294DA21BC6FC1500B9F81B /* Project object */;
			proxyType = 1;
			remoteGlobalIDString = 71294DA91BC6FC1500B9F81B;
			remoteInfo = Carleton150;
		};
		71CC5F731BE942CF0065AA4C /* PBXContainerItemProxy */ = {
			isa = PBXContainerItemProxy;
			containerPortal = 71294DA21BC6FC1500B9F81B /* Project object */;
			proxyType = 1;
			remoteGlobalIDString = 71294DA91BC6FC1500B9F81B;
			remoteInfo = Carleton150;
		};
/* End PBXContainerItemProxy section */

/* Begin PBXFileReference section */
		108BA60D5BA197D8D472C262 /* Pods-Carleton150.debug.xcconfig */ = {isa = PBXFileReference; includeInIndex = 1; lastKnownFileType = text.xcconfig; name = "Pods-Carleton150.debug.xcconfig"; path = "Target Support Files/Pods-Carleton150/Pods-Carleton150.debug.xcconfig"; sourceTree = "<group>"; };
		1D9A04D864C7E2306C14DD7C /* Pods_Carleton150UITests.framework */ = {isa = PBXFileReference; explicitFileType = wrapper.framework; includeInIndex = 0; path = Pods_Carleton150UITests.framework; sourceTree = BUILT_PRODUCTS_DIR; };
		452EDC9D227B8C7500DE8B34 /* MapViewController.swift */ = {isa = PBXFileReference; lastKnownFileType = sourcecode.swift; path = MapViewController.swift; sourceTree = "<group>"; };
		457B69B12277A0F900114DA3 /* Reachability.framework */ = {isa = PBXFileReference; explicitFileType = wrapper.framework; path = Reachability.framework; sourceTree = BUILT_PRODUCTS_DIR; };
		5B891F941EE1EA2400BAEC49 /* Keys.plist */ = {isa = PBXFileReference; fileEncoding = 4; lastKnownFileType = text.plist.xml; path = Keys.plist; sourceTree = "<group>"; };
		606E4BB21DEE3EFC00A64876 /* Alamofire.framework */ = {isa = PBXFileReference; lastKnownFileType = wrapper.framework; name = Alamofire.framework; path = "../../Library/Developer/Xcode/DerivedData/Carleton150-ahrtisziefccxcghzkyhbcuhvtsm/Build/Products/Debug-iphonesimulator/Alamofire/Alamofire.framework"; sourceTree = "<group>"; };
		606E4BB31DEE3EFC00A64876 /* AlamofireImage.framework */ = {isa = PBXFileReference; lastKnownFileType = wrapper.framework; name = AlamofireImage.framework; path = "../../Library/Developer/Xcode/DerivedData/Carleton150-ahrtisziefccxcghzkyhbcuhvtsm/Build/Products/Debug-iphonesimulator/AlamofireImage/AlamofireImage.framework"; sourceTree = "<group>"; };
		606E4BB61DEE3EFC00A64876 /* ReachabilitySwift.framework */ = {isa = PBXFileReference; lastKnownFileType = wrapper.framework; name = ReachabilitySwift.framework; path = "../../Library/Developer/Xcode/DerivedData/Carleton150-ahrtisziefccxcghzkyhbcuhvtsm/Build/Products/Debug-iphonesimulator/ReachabilitySwift/ReachabilitySwift.framework"; sourceTree = "<group>"; };
		606E4BB71DEE3EFC00A64876 /* SwiftyJSON.framework */ = {isa = PBXFileReference; lastKnownFileType = wrapper.framework; name = SwiftyJSON.framework; path = "../../Library/Developer/Xcode/DerivedData/Carleton150-ahrtisziefccxcghzkyhbcuhvtsm/Build/Products/Debug-iphonesimulator/SwiftyJSON/SwiftyJSON.framework"; sourceTree = "<group>"; };
		630B0B4E1C7446D000876031 /* QuestViewController.swift */ = {isa = PBXFileReference; fileEncoding = 4; lastKnownFileType = sourcecode.swift; path = QuestViewController.swift; sourceTree = "<group>"; };
		630B0B501C744A8700876031 /* QuestContentViewController.swift */ = {isa = PBXFileReference; fileEncoding = 4; lastKnownFileType = sourcecode.swift; path = QuestContentViewController.swift; sourceTree = "<group>"; };
		63291F351C5971A30064C296 /* TimelineViewController.swift */ = {isa = PBXFileReference; fileEncoding = 4; lastKnownFileType = sourcecode.swift; path = TimelineViewController.swift; sourceTree = "<group>"; };
		63291F371C5979730064C296 /* TimelineTableCells.swift */ = {isa = PBXFileReference; fileEncoding = 4; lastKnownFileType = sourcecode.swift; path = TimelineTableCells.swift; sourceTree = "<group>"; };
		634AD3A21C780D26005EBE9C /* Assets.xcassets */ = {isa = PBXFileReference; lastKnownFileType = folder.assetcatalog; path = Assets.xcassets; sourceTree = "<group>"; };
		6353259D1C7A44700027F6E3 /* SystemConfiguration.framework */ = {isa = PBXFileReference; lastKnownFileType = wrapper.framework; name = SystemConfiguration.framework; path = System/Library/Frameworks/SystemConfiguration.framework; sourceTree = SDKROOT; };
		63A99A6A1C75859D007E6F25 /* QuestModalViewController.swift */ = {isa = PBXFileReference; fileEncoding = 4; lastKnownFileType = sourcecode.swift; path = QuestModalViewController.swift; sourceTree = "<group>"; };
		63A99A6C1C763AEA007E6F25 /* WaypointsModalViewController.swift */ = {isa = PBXFileReference; fileEncoding = 4; lastKnownFileType = sourcecode.swift; path = WaypointsModalViewController.swift; sourceTree = "<group>"; };
		63A99A6E1C763D97007E6F25 /* WaypointTableCell.swift */ = {isa = PBXFileReference; fileEncoding = 4; lastKnownFileType = sourcecode.swift; path = WaypointTableCell.swift; sourceTree = "<group>"; };
		63F5E99F1C72B60D00CFCB38 /* QuestPlayingViewController.swift */ = {isa = PBXFileReference; fileEncoding = 4; lastKnownFileType = sourcecode.swift; path = QuestPlayingViewController.swift; sourceTree = "<group>"; };
		6A30943F1BD9CD4600A16342 /* Landmark.swift */ = {isa = PBXFileReference; fileEncoding = 4; lastKnownFileType = sourcecode.swift; path = Landmark.swift; sourceTree = "<group>"; };
		711704121BF3EB9E00566464 /* utils.swift */ = {isa = PBXFileReference; fileEncoding = 4; lastKnownFileType = sourcecode.swift; path = utils.swift; sourceTree = "<group>"; };
		71294DAA1BC6FC1500B9F81B /* Carleton150.app */ = {isa = PBXFileReference; explicitFileType = wrapper.application; includeInIndex = 0; path = Carleton150.app; sourceTree = BUILT_PRODUCTS_DIR; };
		71294DAD1BC6FC1500B9F81B /* AppDelegate.swift */ = {isa = PBXFileReference; lastKnownFileType = sourcecode.swift; path = AppDelegate.swift; sourceTree = "<group>"; };
		71294DAF1BC6FC1500B9F81B /* HistoricalViewController.swift */ = {isa = PBXFileReference; lastKnownFileType = sourcecode.swift; path = HistoricalViewController.swift; sourceTree = "<group>"; };
		71294DB71BC6FC1500B9F81B /* Base */ = {isa = PBXFileReference; lastKnownFileType = file.storyboard; name = Base; path = Base.lproj/LaunchScreen.storyboard; sourceTree = "<group>"; };
		71294DB91BC6FC1500B9F81B /* Info.plist */ = {isa = PBXFileReference; lastKnownFileType = text.plist.xml; path = Info.plist; sourceTree = "<group>"; };
		71294DC91BC6FC1500B9F81B /* Carleton150UITests.xctest */ = {isa = PBXFileReference; explicitFileType = wrapper.cfbundle; includeInIndex = 0; path = Carleton150UITests.xctest; sourceTree = BUILT_PRODUCTS_DIR; };
		71294DCD1BC6FC1500B9F81B /* Carleton150UITests.swift */ = {isa = PBXFileReference; lastKnownFileType = sourcecode.swift; path = Carleton150UITests.swift; sourceTree = "<group>"; };
		71294DCF1BC6FC1500B9F81B /* Info.plist */ = {isa = PBXFileReference; lastKnownFileType = text.plist.xml; path = Info.plist; sourceTree = "<group>"; };
		71340E571C5214A2007F9E2F /* QuestDataService.swift */ = {isa = PBXFileReference; fileEncoding = 4; lastKnownFileType = sourcecode.swift; path = QuestDataService.swift; sourceTree = "<group>"; };
		71340E591C5216C8007F9E2F /* HistoricalDataService.swift */ = {isa = PBXFileReference; fileEncoding = 4; lastKnownFileType = sourcecode.swift; path = HistoricalDataService.swift; sourceTree = "<group>"; };
		71340E5B1C5217C3007F9E2F /* CalendarDataService.swift */ = {isa = PBXFileReference; fileEncoding = 4; lastKnownFileType = sourcecode.swift; path = CalendarDataService.swift; sourceTree = "<group>"; };
		7139104F1CE26FCB008089DF /* CalendarDetailViewController.swift */ = {isa = PBXFileReference; fileEncoding = 4; lastKnownFileType = sourcecode.swift; path = CalendarDetailViewController.swift; sourceTree = "<group>"; };
		714C58AF1C5ABF1600D6C33E /* Endpoints.swift */ = {isa = PBXFileReference; fileEncoding = 4; lastKnownFileType = sourcecode.swift; path = Endpoints.swift; sourceTree = "<group>"; };
		71573EB31C707E5400B3E265 /* TimelineTextDetailView.swift */ = {isa = PBXFileReference; fileEncoding = 4; lastKnownFileType = sourcecode.swift; path = TimelineTextDetailView.swift; sourceTree = "<group>"; };
		715AE47D1C4EADF200C8F0C9 /* WayPoint.swift */ = {isa = PBXFileReference; fileEncoding = 4; lastKnownFileType = sourcecode.swift; path = WayPoint.swift; sourceTree = "<group>"; };
		715AE47F1C4EB08D00C8F0C9 /* Quest.swift */ = {isa = PBXFileReference; fileEncoding = 4; lastKnownFileType = sourcecode.swift; path = Quest.swift; sourceTree = "<group>"; };
		7160F69D1CE19BFD00A8D41F /* CalendarViewController.swift */ = {isa = PBXFileReference; fileEncoding = 4; lastKnownFileType = sourcecode.swift; path = CalendarViewController.swift; sourceTree = "<group>"; };
		71676CC11BDED61700F1183D /* Carleton150-Bridging-Header.h */ = {isa = PBXFileReference; lastKnownFileType = sourcecode.c.h; path = "Carleton150-Bridging-Header.h"; sourceTree = "<group>"; };
		7173509D1CD6FF6F00B9DA7A /* Event.swift */ = {isa = PBXFileReference; fileEncoding = 4; lastKnownFileType = sourcecode.swift; path = Event.swift; sourceTree = "<group>"; };
		7180A72D1C685DAA0080F121 /* TimelineTitleView.swift */ = {isa = PBXFileReference; fileEncoding = 4; lastKnownFileType = sourcecode.swift; path = TimelineTitleView.swift; sourceTree = "<group>"; };
		7194ED581C715066007F55D4 /* Roboto-Bold.ttf */ = {isa = PBXFileReference; lastKnownFileType = file; path = "Roboto-Bold.ttf"; sourceTree = "<group>"; };
		7194ED591C715066007F55D4 /* Roboto-Italic.ttf */ = {isa = PBXFileReference; lastKnownFileType = file; path = "Roboto-Italic.ttf"; sourceTree = "<group>"; };
		7194ED5A1C715066007F55D4 /* Roboto-Light.ttf */ = {isa = PBXFileReference; lastKnownFileType = file; path = "Roboto-Light.ttf"; sourceTree = "<group>"; };
		7194ED5B1C715066007F55D4 /* Roboto-Medium.ttf */ = {isa = PBXFileReference; lastKnownFileType = file; path = "Roboto-Medium.ttf"; sourceTree = "<group>"; };
		7194ED5C1C715066007F55D4 /* Roboto-Regular.ttf */ = {isa = PBXFileReference; lastKnownFileType = file; path = "Roboto-Regular.ttf"; sourceTree = "<group>"; };
		7194ED5D1C715066007F55D4 /* Roboto-Thin.ttf */ = {isa = PBXFileReference; lastKnownFileType = file; path = "Roboto-Thin.ttf"; sourceTree = "<group>"; };
		7194ED5E1C715066007F55D4 /* RobotoCondensed-Bold.ttf */ = {isa = PBXFileReference; lastKnownFileType = file; path = "RobotoCondensed-Bold.ttf"; sourceTree = "<group>"; };
		7194ED5F1C715066007F55D4 /* RobotoCondensed-Light.ttf */ = {isa = PBXFileReference; lastKnownFileType = file; path = "RobotoCondensed-Light.ttf"; sourceTree = "<group>"; };
		7194ED601C715066007F55D4 /* RobotoCondensed-Regular.ttf */ = {isa = PBXFileReference; lastKnownFileType = file; path = "RobotoCondensed-Regular.ttf"; sourceTree = "<group>"; };
		71A08C1F1CE233D30071DADA /* CalendarTableCell.swift */ = {isa = PBXFileReference; fileEncoding = 4; lastKnownFileType = sourcecode.swift; path = CalendarTableCell.swift; sourceTree = "<group>"; };
		71ABAA631CD0189700D6BFFE /* Main.storyboard */ = {isa = PBXFileReference; fileEncoding = 4; lastKnownFileType = file.storyboard; path = Main.storyboard; sourceTree = "<group>"; };
		71ABAA651CD01A9B00D6BFFE /* InfoViewController.swift */ = {isa = PBXFileReference; fileEncoding = 4; lastKnownFileType = sourcecode.swift; path = InfoViewController.swift; sourceTree = "<group>"; };
		71B379B81C7928F40057B5B8 /* TutorialViewController.swift */ = {isa = PBXFileReference; fileEncoding = 4; lastKnownFileType = sourcecode.swift; path = TutorialViewController.swift; sourceTree = "<group>"; };
		71CB7A7F1CF7595C0005171A /* calendarEvent.swift */ = {isa = PBXFileReference; fileEncoding = 4; lastKnownFileType = sourcecode.swift; path = calendarEvent.swift; sourceTree = "<group>"; };
		71CC5F6E1BE942CF0065AA4C /* Carleton150Tests.xctest */ = {isa = PBXFileReference; explicitFileType = wrapper.cfbundle; includeInIndex = 0; path = Carleton150Tests.xctest; sourceTree = BUILT_PRODUCTS_DIR; };
		71CC5F721BE942CF0065AA4C /* Info.plist */ = {isa = PBXFileReference; lastKnownFileType = text.plist.xml; path = Info.plist; sourceTree = "<group>"; };
		71CC5F781BE944220065AA4C /* DataServiceTest.swift */ = {isa = PBXFileReference; fileEncoding = 4; lastKnownFileType = sourcecode.swift; path = DataServiceTest.swift; sourceTree = "<group>"; };
		71F0C7BF1C7273920063EDB1 /* TimelineDetailView.swift */ = {isa = PBXFileReference; fileEncoding = 4; lastKnownFileType = sourcecode.swift; path = TimelineDetailView.swift; sourceTree = "<group>"; };
		71F4E1D01CE39D5B00A69728 /* no-connection.html */ = {isa = PBXFileReference; fileEncoding = 4; lastKnownFileType = text.html; path = "no-connection.html"; sourceTree = "<group>"; };
		71F4E1D41CE3DFE600A69728 /* UpdateFailureViewController.swift */ = {isa = PBXFileReference; fileEncoding = 4; lastKnownFileType = sourcecode.swift; path = UpdateFailureViewController.swift; sourceTree = "<group>"; };
		71FF6D361C72B2CD004A2B3D /* TimelineImageDetailView.swift */ = {isa = PBXFileReference; fileEncoding = 4; lastKnownFileType = sourcecode.swift; path = TimelineImageDetailView.swift; sourceTree = "<group>"; };
		7E617F5FEF43ACBD11D7AD8A /* Pods-Carleton150Tests.debug.xcconfig */ = {isa = PBXFileReference; includeInIndex = 1; lastKnownFileType = text.xcconfig; name = "Pods-Carleton150Tests.debug.xcconfig"; path = "Target Support Files/Pods-Carleton150Tests/Pods-Carleton150Tests.debug.xcconfig"; sourceTree = "<group>"; };
		8BB5E4400873EDD490418BDF /* Pods_Carleton150.framework */ = {isa = PBXFileReference; explicitFileType = wrapper.framework; includeInIndex = 0; path = Pods_Carleton150.framework; sourceTree = BUILT_PRODUCTS_DIR; };
		922B056C53D9C66EAC3FA395 /* Pods-Carleton150Tests.release.xcconfig */ = {isa = PBXFileReference; includeInIndex = 1; lastKnownFileType = text.xcconfig; name = "Pods-Carleton150Tests.release.xcconfig"; path = "Target Support Files/Pods-Carleton150Tests/Pods-Carleton150Tests.release.xcconfig"; sourceTree = "<group>"; };
		9F2F66958FC4E4D31211BED8 /* Pods_Carleton150Tests.framework */ = {isa = PBXFileReference; explicitFileType = wrapper.framework; includeInIndex = 0; path = Pods_Carleton150Tests.framework; sourceTree = BUILT_PRODUCTS_DIR; };
		AB26BAB69599601BA66E906C /* Pods-Carleton150UITests.debug.xcconfig */ = {isa = PBXFileReference; includeInIndex = 1; lastKnownFileType = text.xcconfig; name = "Pods-Carleton150UITests.debug.xcconfig"; path = "Target Support Files/Pods-Carleton150UITests/Pods-Carleton150UITests.debug.xcconfig"; sourceTree = "<group>"; };
		B640A99B9D5DD8FD3E5A37BE /* Pods-Carleton150UITests.release.xcconfig */ = {isa = PBXFileReference; includeInIndex = 1; lastKnownFileType = text.xcconfig; name = "Pods-Carleton150UITests.release.xcconfig"; path = "Target Support Files/Pods-Carleton150UITests/Pods-Carleton150UITests.release.xcconfig"; sourceTree = "<group>"; };
		EE571CAA0830595D550C1A9C /* Pods-Carleton150.release.xcconfig */ = {isa = PBXFileReference; includeInIndex = 1; lastKnownFileType = text.xcconfig; name = "Pods-Carleton150.release.xcconfig"; path = "Target Support Files/Pods-Carleton150/Pods-Carleton150.release.xcconfig"; sourceTree = "<group>"; };
/* End PBXFileReference section */

/* Begin PBXFrameworksBuildPhase section */
		71294DA71BC6FC1500B9F81B /* Frameworks */ = {
			isa = PBXFrameworksBuildPhase;
			buildActionMask = 2147483647;
			files = (
				457B69B22277A0F900114DA3 /* Reachability.framework in Frameworks */,
				606E4BB81DEE3EFC00A64876 /* Alamofire.framework in Frameworks */,
				606E4BB91DEE3EFC00A64876 /* AlamofireImage.framework in Frameworks */,
				606E4BBD1DEE3EFC00A64876 /* SwiftyJSON.framework in Frameworks */,
				6353259E1C7A44700027F6E3 /* SystemConfiguration.framework in Frameworks */,
				1AB5EC7C794F1B233778CC1D /* Pods_Carleton150.framework in Frameworks */,
			);
			runOnlyForDeploymentPostprocessing = 0;
		};
		71294DC61BC6FC1500B9F81B /* Frameworks */ = {
			isa = PBXFrameworksBuildPhase;
			buildActionMask = 2147483647;
			files = (
				861792FA2BE9B89065546779 /* Pods_Carleton150UITests.framework in Frameworks */,
			);
			runOnlyForDeploymentPostprocessing = 0;
		};
		71CC5F6B1BE942CF0065AA4C /* Frameworks */ = {
			isa = PBXFrameworksBuildPhase;
			buildActionMask = 2147483647;
			files = (
				507F2163122E67A30D0F67E6 /* Pods_Carleton150Tests.framework in Frameworks */,
			);
			runOnlyForDeploymentPostprocessing = 0;
		};
/* End PBXFrameworksBuildPhase section */

/* Begin PBXGroup section */
		452EDC9A227B8B9E00DE8B34 /* Map */ = {
			isa = PBXGroup;
			children = (
				452EDC9D227B8C7500DE8B34 /* MapViewController.swift */,
			);
			path = Map;
			sourceTree = "<group>";
		};
		63036B311C4CB55C00193A78 /* Historical */ = {
			isa = PBXGroup;
			children = (
				6A30943F1BD9CD4600A16342 /* Landmark.swift */,
				7173509D1CD6FF6F00B9DA7A /* Event.swift */,
				71B379B81C7928F40057B5B8 /* TutorialViewController.swift */,
				71294DAF1BC6FC1500B9F81B /* HistoricalViewController.swift */,
				63291F351C5971A30064C296 /* TimelineViewController.swift */,
				63291F371C5979730064C296 /* TimelineTableCells.swift */,
				71340E591C5216C8007F9E2F /* HistoricalDataService.swift */,
				71FF6D361C72B2CD004A2B3D /* TimelineImageDetailView.swift */,
				71573EB31C707E5400B3E265 /* TimelineTextDetailView.swift */,
				71F0C7BF1C7273920063EDB1 /* TimelineDetailView.swift */,
				7180A72D1C685DAA0080F121 /* TimelineTitleView.swift */,
			);
			name = Historical;
			sourceTree = "<group>";
		};
		63036B351C4CB6CD00193A78 /* Calendar */ = {
			isa = PBXGroup;
			children = (
				7139104F1CE26FCB008089DF /* CalendarDetailViewController.swift */,
				71F4E1D41CE3DFE600A69728 /* UpdateFailureViewController.swift */,
				71340E5B1C5217C3007F9E2F /* CalendarDataService.swift */,
				7160F69D1CE19BFD00A8D41F /* CalendarViewController.swift */,
				71CB7A7F1CF7595C0005171A /* calendarEvent.swift */,
				71A08C1F1CE233D30071DADA /* CalendarTableCell.swift */,
			);
			name = Calendar;
			sourceTree = "<group>";
		};
		63036B361C4CB72800193A78 /* Quest */ = {
			isa = PBXGroup;
			children = (
				715AE47D1C4EADF200C8F0C9 /* WayPoint.swift */,
				715AE47F1C4EB08D00C8F0C9 /* Quest.swift */,
				71340E571C5214A2007F9E2F /* QuestDataService.swift */,
				630B0B4E1C7446D000876031 /* QuestViewController.swift */,
				630B0B501C744A8700876031 /* QuestContentViewController.swift */,
				63F5E99F1C72B60D00CFCB38 /* QuestPlayingViewController.swift */,
				63A99A6A1C75859D007E6F25 /* QuestModalViewController.swift */,
				63A99A6C1C763AEA007E6F25 /* WaypointsModalViewController.swift */,
				63A99A6E1C763D97007E6F25 /* WaypointTableCell.swift */,
			);
			name = Quest;
			sourceTree = "<group>";
		};
		63036B391C4CB86F00193A78 /* Common */ = {
			isa = PBXGroup;
			children = (
				711704121BF3EB9E00566464 /* utils.swift */,
				71294DAD1BC6FC1500B9F81B /* AppDelegate.swift */,
				71294DB61BC6FC1500B9F81B /* LaunchScreen.storyboard */,
				714C58AF1C5ABF1600D6C33E /* Endpoints.swift */,
				71ABAA631CD0189700D6BFFE /* Main.storyboard */,
			);
			name = Common;
			sourceTree = "<group>";
		};
		71294DA11BC6FC1500B9F81B = {
			isa = PBXGroup;
			children = (
				71294DAC1BC6FC1500B9F81B /* Carleton150 */,
				71294DCC1BC6FC1500B9F81B /* Carleton150UITests */,
				71CC5F6F1BE942CF0065AA4C /* Carleton150Tests */,
				71294DAB1BC6FC1500B9F81B /* Products */,
				93AFF1052C40EADBED9AA042 /* Frameworks */,
				846674D740D61725667F300B /* Pods */,
			);
			sourceTree = "<group>";
		};
		71294DAB1BC6FC1500B9F81B /* Products */ = {
			isa = PBXGroup;
			children = (
				71294DAA1BC6FC1500B9F81B /* Carleton150.app */,
				71294DC91BC6FC1500B9F81B /* Carleton150UITests.xctest */,
				71CC5F6E1BE942CF0065AA4C /* Carleton150Tests.xctest */,
			);
			name = Products;
			sourceTree = "<group>";
		};
		71294DAC1BC6FC1500B9F81B /* Carleton150 */ = {
			isa = PBXGroup;
			children = (
				452EDC9A227B8B9E00DE8B34 /* Map */,
				5B891F941EE1EA2400BAEC49 /* Keys.plist */,
				71ABAA601CD0181D00D6BFFE /* Info */,
				7194ED561C715059007F55D4 /* Fonts */,
				63036B391C4CB86F00193A78 /* Common */,
				63036B351C4CB6CD00193A78 /* Calendar */,
				63036B311C4CB55C00193A78 /* Historical */,
				63036B361C4CB72800193A78 /* Quest */,
				634AD3A21C780D26005EBE9C /* Assets.xcassets */,
				71294DB91BC6FC1500B9F81B /* Info.plist */,
				71676CC11BDED61700F1183D /* Carleton150-Bridging-Header.h */,
			);
			path = Carleton150;
			sourceTree = "<group>";
		};
		71294DCC1BC6FC1500B9F81B /* Carleton150UITests */ = {
			isa = PBXGroup;
			children = (
				71294DCD1BC6FC1500B9F81B /* Carleton150UITests.swift */,
				71294DCF1BC6FC1500B9F81B /* Info.plist */,
			);
			path = Carleton150UITests;
			sourceTree = "<group>";
		};
		7194ED561C715059007F55D4 /* Fonts */ = {
			isa = PBXGroup;
			children = (
				7194ED581C715066007F55D4 /* Roboto-Bold.ttf */,
				7194ED591C715066007F55D4 /* Roboto-Italic.ttf */,
				7194ED5A1C715066007F55D4 /* Roboto-Light.ttf */,
				7194ED5B1C715066007F55D4 /* Roboto-Medium.ttf */,
				7194ED5C1C715066007F55D4 /* Roboto-Regular.ttf */,
				7194ED5D1C715066007F55D4 /* Roboto-Thin.ttf */,
				7194ED5E1C715066007F55D4 /* RobotoCondensed-Bold.ttf */,
				7194ED5F1C715066007F55D4 /* RobotoCondensed-Light.ttf */,
				7194ED601C715066007F55D4 /* RobotoCondensed-Regular.ttf */,
			);
			name = Fonts;
			sourceTree = "<group>";
		};
		71ABAA601CD0181D00D6BFFE /* Info */ = {
			isa = PBXGroup;
			children = (
				71F4E1D01CE39D5B00A69728 /* no-connection.html */,
				71ABAA651CD01A9B00D6BFFE /* InfoViewController.swift */,
			);
			name = Info;
			sourceTree = "<group>";
		};
		71CC5F6F1BE942CF0065AA4C /* Carleton150Tests */ = {
			isa = PBXGroup;
			children = (
				71CC5F721BE942CF0065AA4C /* Info.plist */,
				71CC5F781BE944220065AA4C /* DataServiceTest.swift */,
			);
			path = Carleton150Tests;
			sourceTree = "<group>";
		};
		846674D740D61725667F300B /* Pods */ = {
			isa = PBXGroup;
			children = (
				108BA60D5BA197D8D472C262 /* Pods-Carleton150.debug.xcconfig */,
				EE571CAA0830595D550C1A9C /* Pods-Carleton150.release.xcconfig */,
				7E617F5FEF43ACBD11D7AD8A /* Pods-Carleton150Tests.debug.xcconfig */,
				922B056C53D9C66EAC3FA395 /* Pods-Carleton150Tests.release.xcconfig */,
				AB26BAB69599601BA66E906C /* Pods-Carleton150UITests.debug.xcconfig */,
				B640A99B9D5DD8FD3E5A37BE /* Pods-Carleton150UITests.release.xcconfig */,
			);
			path = Pods;
			sourceTree = "<group>";
		};
		93AFF1052C40EADBED9AA042 /* Frameworks */ = {
			isa = PBXGroup;
			children = (
				457B69B12277A0F900114DA3 /* Reachability.framework */,
				606E4BB21DEE3EFC00A64876 /* Alamofire.framework */,
				606E4BB31DEE3EFC00A64876 /* AlamofireImage.framework */,
				606E4BB61DEE3EFC00A64876 /* ReachabilitySwift.framework */,
				606E4BB71DEE3EFC00A64876 /* SwiftyJSON.framework */,
				6353259D1C7A44700027F6E3 /* SystemConfiguration.framework */,
				8BB5E4400873EDD490418BDF /* Pods_Carleton150.framework */,
				9F2F66958FC4E4D31211BED8 /* Pods_Carleton150Tests.framework */,
				1D9A04D864C7E2306C14DD7C /* Pods_Carleton150UITests.framework */,
			);
			name = Frameworks;
			sourceTree = "<group>";
		};
/* End PBXGroup section */

/* Begin PBXNativeTarget section */
		71294DA91BC6FC1500B9F81B /* Carleton150 */ = {
			isa = PBXNativeTarget;
			buildConfigurationList = 71294DD21BC6FC1500B9F81B /* Build configuration list for PBXNativeTarget "Carleton150" */;
			buildPhases = (
				F515B5682D970C58CF8E362A /* [CP] Check Pods Manifest.lock */,
				71294DA61BC6FC1500B9F81B /* Sources */,
				71294DA71BC6FC1500B9F81B /* Frameworks */,
				71294DA81BC6FC1500B9F81B /* Resources */,
				5A640331349F873CA534725E /* [CP] Embed Pods Frameworks */,
				F7B91865404F241D19334FE4 /* [CP] Copy Pods Resources */,
			);
			buildRules = (
			);
			dependencies = (
			);
			name = Carleton150;
			productName = Carleton150;
			productReference = 71294DAA1BC6FC1500B9F81B /* Carleton150.app */;
			productType = "com.apple.product-type.application";
		};
		71294DC81BC6FC1500B9F81B /* Carleton150UITests */ = {
			isa = PBXNativeTarget;
			buildConfigurationList = 71294DD81BC6FC1500B9F81B /* Build configuration list for PBXNativeTarget "Carleton150UITests" */;
			buildPhases = (
				2D61860200CDBFC49213F936 /* [CP] Check Pods Manifest.lock */,
				71294DC51BC6FC1500B9F81B /* Sources */,
				71294DC61BC6FC1500B9F81B /* Frameworks */,
				71294DC71BC6FC1500B9F81B /* Resources */,
				AA043AF1FDDC61940DED9DBD /* [CP] Embed Pods Frameworks */,
				62DCA2D76EA3A31DAA6FF466 /* [CP] Copy Pods Resources */,
			);
			buildRules = (
			);
			dependencies = (
				71294DCB1BC6FC1500B9F81B /* PBXTargetDependency */,
			);
			name = Carleton150UITests;
			productName = Carleton150UITests;
			productReference = 71294DC91BC6FC1500B9F81B /* Carleton150UITests.xctest */;
			productType = "com.apple.product-type.bundle.ui-testing";
		};
		71CC5F6D1BE942CF0065AA4C /* Carleton150Tests */ = {
			isa = PBXNativeTarget;
			buildConfigurationList = 71CC5F751BE942CF0065AA4C /* Build configuration list for PBXNativeTarget "Carleton150Tests" */;
			buildPhases = (
				5792E592E0A89F4A1093AECD /* [CP] Check Pods Manifest.lock */,
				71CC5F6A1BE942CF0065AA4C /* Sources */,
				71CC5F6B1BE942CF0065AA4C /* Frameworks */,
				71CC5F6C1BE942CF0065AA4C /* Resources */,
				07D0F82CC334AA387254BF42 /* [CP] Embed Pods Frameworks */,
				A593FDC2442E07AE4F121B2A /* [CP] Copy Pods Resources */,
			);
			buildRules = (
			);
			dependencies = (
				71CC5F741BE942CF0065AA4C /* PBXTargetDependency */,
			);
			name = Carleton150Tests;
			productName = Carleton150Tests;
			productReference = 71CC5F6E1BE942CF0065AA4C /* Carleton150Tests.xctest */;
			productType = "com.apple.product-type.bundle.unit-test";
		};
/* End PBXNativeTarget section */

/* Begin PBXProject section */
		71294DA21BC6FC1500B9F81B /* Project object */ = {
			isa = PBXProject;
			attributes = {
				LastSwiftUpdateCheck = 0710;
				LastUpgradeCheck = 0820;
				ORGANIZATIONNAME = edu.carleton.carleton150;
				TargetAttributes = {
					71294DA91BC6FC1500B9F81B = {
						CreatedOnToolsVersion = 7.0.1;
						DevelopmentTeam = 92GT3GU396;
						LastSwiftMigration = 0810;
						ProvisioningStyle = Automatic;
						SystemCapabilities = {
							com.apple.BackgroundModes = {
								enabled = 0;
							};
						};
					};
					71294DC81BC6FC1500B9F81B = {
						CreatedOnToolsVersion = 7.0.1;
						LastSwiftMigration = 0810;
						TestTargetID = 71294DA91BC6FC1500B9F81B;
					};
					71CC5F6D1BE942CF0065AA4C = {
						CreatedOnToolsVersion = 7.1;
						LastSwiftMigration = 0810;
						TestTargetID = 71294DA91BC6FC1500B9F81B;
					};
				};
			};
			buildConfigurationList = 71294DA51BC6FC1500B9F81B /* Build configuration list for PBXProject "Carleton150" */;
			compatibilityVersion = "Xcode 3.2";
			developmentRegion = English;
			hasScannedForEncodings = 0;
			knownRegions = (
				English,
				en,
				Base,
			);
			mainGroup = 71294DA11BC6FC1500B9F81B;
			productRefGroup = 71294DAB1BC6FC1500B9F81B /* Products */;
			projectDirPath = "";
			projectRoot = "";
			targets = (
				71294DA91BC6FC1500B9F81B /* Carleton150 */,
				71294DC81BC6FC1500B9F81B /* Carleton150UITests */,
				71CC5F6D1BE942CF0065AA4C /* Carleton150Tests */,
			);
		};
/* End PBXProject section */

/* Begin PBXResourcesBuildPhase section */
		71294DA81BC6FC1500B9F81B /* Resources */ = {
			isa = PBXResourcesBuildPhase;
			buildActionMask = 2147483647;
			files = (
				71ABAA641CD0189700D6BFFE /* Main.storyboard in Resources */,
				71294DB81BC6FC1500B9F81B /* LaunchScreen.storyboard in Resources */,
				634AD3A31C780D26005EBE9C /* Assets.xcassets in Resources */,
				71F4E1D11CE39D5B00A69728 /* no-connection.html in Resources */,
			);
			runOnlyForDeploymentPostprocessing = 0;
		};
		71294DC71BC6FC1500B9F81B /* Resources */ = {
			isa = PBXResourcesBuildPhase;
			buildActionMask = 2147483647;
			files = (
			);
			runOnlyForDeploymentPostprocessing = 0;
		};
		71CC5F6C1BE942CF0065AA4C /* Resources */ = {
			isa = PBXResourcesBuildPhase;
			buildActionMask = 2147483647;
			files = (
			);
			runOnlyForDeploymentPostprocessing = 0;
		};
/* End PBXResourcesBuildPhase section */

/* Begin PBXShellScriptBuildPhase section */
		07D0F82CC334AA387254BF42 /* [CP] Embed Pods Frameworks */ = {
			isa = PBXShellScriptBuildPhase;
			buildActionMask = 2147483647;
			files = (
			);
			inputPaths = (
				"${PODS_ROOT}/Target Support Files/Pods-Carleton150Tests/Pods-Carleton150Tests-frameworks.sh",
				"${BUILT_PRODUCTS_DIR}/Alamofire/Alamofire.framework",
				"${BUILT_PRODUCTS_DIR}/AlamofireImage/AlamofireImage.framework",
				"${BUILT_PRODUCTS_DIR}/ReachabilitySwift/Reachability.framework",
				"${BUILT_PRODUCTS_DIR}/SwiftOverlays/SwiftOverlays.framework",
				"${BUILT_PRODUCTS_DIR}/SwiftyJSON/SwiftyJSON.framework",
			);
			name = "[CP] Embed Pods Frameworks";
			outputPaths = (
				"${TARGET_BUILD_DIR}/${FRAMEWORKS_FOLDER_PATH}/Alamofire.framework",
				"${TARGET_BUILD_DIR}/${FRAMEWORKS_FOLDER_PATH}/AlamofireImage.framework",
				"${TARGET_BUILD_DIR}/${FRAMEWORKS_FOLDER_PATH}/Reachability.framework",
				"${TARGET_BUILD_DIR}/${FRAMEWORKS_FOLDER_PATH}/SwiftOverlays.framework",
				"${TARGET_BUILD_DIR}/${FRAMEWORKS_FOLDER_PATH}/SwiftyJSON.framework",
			);
			runOnlyForDeploymentPostprocessing = 0;
			shellPath = /bin/sh;
			shellScript = "\"${PODS_ROOT}/Target Support Files/Pods-Carleton150Tests/Pods-Carleton150Tests-frameworks.sh\"\n";
			showEnvVarsInLog = 0;
		};
		2D61860200CDBFC49213F936 /* [CP] Check Pods Manifest.lock */ = {
			isa = PBXShellScriptBuildPhase;
			buildActionMask = 2147483647;
			files = (
			);
			inputFileListPaths = (
			);
			inputPaths = (
				"${PODS_PODFILE_DIR_PATH}/Podfile.lock",
				"${PODS_ROOT}/Manifest.lock",
			);
			name = "[CP] Check Pods Manifest.lock";
			outputFileListPaths = (
			);
			outputPaths = (
				"$(DERIVED_FILE_DIR)/Pods-Carleton150UITests-checkManifestLockResult.txt",
			);
			runOnlyForDeploymentPostprocessing = 0;
			shellPath = /bin/sh;
			shellScript = "diff \"${PODS_PODFILE_DIR_PATH}/Podfile.lock\" \"${PODS_ROOT}/Manifest.lock\" > /dev/null\nif [ $? != 0 ] ; then\n    # print error to STDERR\n    echo \"error: The sandbox is not in sync with the Podfile.lock. Run 'pod install' or update your CocoaPods installation.\" >&2\n    exit 1\nfi\n# This output is used by Xcode 'outputs' to avoid re-running this script phase.\necho \"SUCCESS\" > \"${SCRIPT_OUTPUT_FILE_0}\"\n";
			showEnvVarsInLog = 0;
		};
		5792E592E0A89F4A1093AECD /* [CP] Check Pods Manifest.lock */ = {
			isa = PBXShellScriptBuildPhase;
			buildActionMask = 2147483647;
			files = (
			);
			inputFileListPaths = (
			);
			inputPaths = (
				"${PODS_PODFILE_DIR_PATH}/Podfile.lock",
				"${PODS_ROOT}/Manifest.lock",
			);
			name = "[CP] Check Pods Manifest.lock";
			outputFileListPaths = (
			);
			outputPaths = (
				"$(DERIVED_FILE_DIR)/Pods-Carleton150Tests-checkManifestLockResult.txt",
			);
			runOnlyForDeploymentPostprocessing = 0;
			shellPath = /bin/sh;
			shellScript = "diff \"${PODS_PODFILE_DIR_PATH}/Podfile.lock\" \"${PODS_ROOT}/Manifest.lock\" > /dev/null\nif [ $? != 0 ] ; then\n    # print error to STDERR\n    echo \"error: The sandbox is not in sync with the Podfile.lock. Run 'pod install' or update your CocoaPods installation.\" >&2\n    exit 1\nfi\n# This output is used by Xcode 'outputs' to avoid re-running this script phase.\necho \"SUCCESS\" > \"${SCRIPT_OUTPUT_FILE_0}\"\n";
			showEnvVarsInLog = 0;
		};
		5A640331349F873CA534725E /* [CP] Embed Pods Frameworks */ = {
			isa = PBXShellScriptBuildPhase;
			buildActionMask = 2147483647;
			files = (
			);
			inputPaths = (
				"${PODS_ROOT}/Target Support Files/Pods-Carleton150/Pods-Carleton150-frameworks.sh",
				"${BUILT_PRODUCTS_DIR}/Alamofire/Alamofire.framework",
				"${BUILT_PRODUCTS_DIR}/AlamofireImage/AlamofireImage.framework",
				"${BUILT_PRODUCTS_DIR}/ReachabilitySwift/Reachability.framework",
				"${BUILT_PRODUCTS_DIR}/SwiftOverlays/SwiftOverlays.framework",
				"${BUILT_PRODUCTS_DIR}/SwiftyJSON/SwiftyJSON.framework",
			);
			name = "[CP] Embed Pods Frameworks";
			outputPaths = (
				"${TARGET_BUILD_DIR}/${FRAMEWORKS_FOLDER_PATH}/Alamofire.framework",
				"${TARGET_BUILD_DIR}/${FRAMEWORKS_FOLDER_PATH}/AlamofireImage.framework",
				"${TARGET_BUILD_DIR}/${FRAMEWORKS_FOLDER_PATH}/Reachability.framework",
				"${TARGET_BUILD_DIR}/${FRAMEWORKS_FOLDER_PATH}/SwiftOverlays.framework",
				"${TARGET_BUILD_DIR}/${FRAMEWORKS_FOLDER_PATH}/SwiftyJSON.framework",
			);
			runOnlyForDeploymentPostprocessing = 0;
			shellPath = /bin/sh;
			shellScript = "\"${PODS_ROOT}/Target Support Files/Pods-Carleton150/Pods-Carleton150-frameworks.sh\"\n";
			showEnvVarsInLog = 0;
		};
		62DCA2D76EA3A31DAA6FF466 /* [CP] Copy Pods Resources */ = {
			isa = PBXShellScriptBuildPhase;
			buildActionMask = 2147483647;
			files = (
			);
			inputPaths = (
				"${PODS_ROOT}/Target Support Files/Pods-Carleton150UITests/Pods-Carleton150UITests-resources.sh",
				"${PODS_ROOT}/GoogleMaps/Maps/Frameworks/GoogleMaps.framework/Resources/GoogleMaps.bundle",
			);
			name = "[CP] Copy Pods Resources";
			outputPaths = (
				"${TARGET_BUILD_DIR}/${UNLOCALIZED_RESOURCES_FOLDER_PATH}/GoogleMaps.bundle",
			);
			runOnlyForDeploymentPostprocessing = 0;
			shellPath = /bin/sh;
			shellScript = "\"${PODS_ROOT}/Target Support Files/Pods-Carleton150UITests/Pods-Carleton150UITests-resources.sh\"\n";
			showEnvVarsInLog = 0;
		};
		A593FDC2442E07AE4F121B2A /* [CP] Copy Pods Resources */ = {
			isa = PBXShellScriptBuildPhase;
			buildActionMask = 2147483647;
			files = (
			);
			inputPaths = (
				"${PODS_ROOT}/Target Support Files/Pods-Carleton150Tests/Pods-Carleton150Tests-resources.sh",
				"${PODS_ROOT}/GoogleMaps/Maps/Frameworks/GoogleMaps.framework/Resources/GoogleMaps.bundle",
			);
			name = "[CP] Copy Pods Resources";
			outputPaths = (
				"${TARGET_BUILD_DIR}/${UNLOCALIZED_RESOURCES_FOLDER_PATH}/GoogleMaps.bundle",
			);
			runOnlyForDeploymentPostprocessing = 0;
			shellPath = /bin/sh;
			shellScript = "\"${PODS_ROOT}/Target Support Files/Pods-Carleton150Tests/Pods-Carleton150Tests-resources.sh\"\n";
			showEnvVarsInLog = 0;
		};
		AA043AF1FDDC61940DED9DBD /* [CP] Embed Pods Frameworks */ = {
			isa = PBXShellScriptBuildPhase;
			buildActionMask = 2147483647;
			files = (
			);
			inputPaths = (
				"${PODS_ROOT}/Target Support Files/Pods-Carleton150UITests/Pods-Carleton150UITests-frameworks.sh",
				"${BUILT_PRODUCTS_DIR}/Alamofire/Alamofire.framework",
				"${BUILT_PRODUCTS_DIR}/AlamofireImage/AlamofireImage.framework",
				"${BUILT_PRODUCTS_DIR}/ReachabilitySwift/Reachability.framework",
				"${BUILT_PRODUCTS_DIR}/SwiftOverlays/SwiftOverlays.framework",
				"${BUILT_PRODUCTS_DIR}/SwiftyJSON/SwiftyJSON.framework",
			);
			name = "[CP] Embed Pods Frameworks";
			outputPaths = (
				"${TARGET_BUILD_DIR}/${FRAMEWORKS_FOLDER_PATH}/Alamofire.framework",
				"${TARGET_BUILD_DIR}/${FRAMEWORKS_FOLDER_PATH}/AlamofireImage.framework",
				"${TARGET_BUILD_DIR}/${FRAMEWORKS_FOLDER_PATH}/Reachability.framework",
				"${TARGET_BUILD_DIR}/${FRAMEWORKS_FOLDER_PATH}/SwiftOverlays.framework",
				"${TARGET_BUILD_DIR}/${FRAMEWORKS_FOLDER_PATH}/SwiftyJSON.framework",
			);
			runOnlyForDeploymentPostprocessing = 0;
			shellPath = /bin/sh;
			shellScript = "\"${PODS_ROOT}/Target Support Files/Pods-Carleton150UITests/Pods-Carleton150UITests-frameworks.sh\"\n";
			showEnvVarsInLog = 0;
		};
		F515B5682D970C58CF8E362A /* [CP] Check Pods Manifest.lock */ = {
			isa = PBXShellScriptBuildPhase;
			buildActionMask = 2147483647;
			files = (
			);
			inputFileListPaths = (
			);
			inputPaths = (
				"${PODS_PODFILE_DIR_PATH}/Podfile.lock",
				"${PODS_ROOT}/Manifest.lock",
			);
			name = "[CP] Check Pods Manifest.lock";
			outputFileListPaths = (
			);
			outputPaths = (
				"$(DERIVED_FILE_DIR)/Pods-Carleton150-checkManifestLockResult.txt",
			);
			runOnlyForDeploymentPostprocessing = 0;
			shellPath = /bin/sh;
			shellScript = "diff \"${PODS_PODFILE_DIR_PATH}/Podfile.lock\" \"${PODS_ROOT}/Manifest.lock\" > /dev/null\nif [ $? != 0 ] ; then\n    # print error to STDERR\n    echo \"error: The sandbox is not in sync with the Podfile.lock. Run 'pod install' or update your CocoaPods installation.\" >&2\n    exit 1\nfi\n# This output is used by Xcode 'outputs' to avoid re-running this script phase.\necho \"SUCCESS\" > \"${SCRIPT_OUTPUT_FILE_0}\"\n";
			showEnvVarsInLog = 0;
		};
		F7B91865404F241D19334FE4 /* [CP] Copy Pods Resources */ = {
			isa = PBXShellScriptBuildPhase;
			buildActionMask = 2147483647;
			files = (
			);
			inputPaths = (
				"${PODS_ROOT}/Target Support Files/Pods-Carleton150/Pods-Carleton150-resources.sh",
				"${PODS_ROOT}/GoogleMaps/Maps/Frameworks/GoogleMaps.framework/Resources/GoogleMaps.bundle",
			);
			name = "[CP] Copy Pods Resources";
			outputPaths = (
				"${TARGET_BUILD_DIR}/${UNLOCALIZED_RESOURCES_FOLDER_PATH}/GoogleMaps.bundle",
			);
			runOnlyForDeploymentPostprocessing = 0;
			shellPath = /bin/sh;
			shellScript = "\"${PODS_ROOT}/Target Support Files/Pods-Carleton150/Pods-Carleton150-resources.sh\"\n";
			showEnvVarsInLog = 0;
		};
/* End PBXShellScriptBuildPhase section */

/* Begin PBXSourcesBuildPhase section */
		71294DA61BC6FC1500B9F81B /* Sources */ = {
			isa = PBXSourcesBuildPhase;
			buildActionMask = 2147483647;
			files = (
				63F5E9A01C72B60D00CFCB38 /* QuestPlayingViewController.swift in Sources */,
				71ABAA661CD01A9B00D6BFFE /* InfoViewController.swift in Sources */,
				711704131BF3EB9E00566464 /* utils.swift in Sources */,
				71340E5A1C5216C8007F9E2F /* HistoricalDataService.swift in Sources */,
				63291F361C5971A30064C296 /* TimelineViewController.swift in Sources */,
				6357E6F21C4ED3BC00A28D00 /* HistoricalViewController.swift in Sources */,
				71CB7A801CF7595C0005171A /* calendarEvent.swift in Sources */,
				7173509E1CD6FF6F00B9DA7A /* Event.swift in Sources */,
				630B0B4F1C7446D000876031 /* QuestViewController.swift in Sources */,
				6357E6F31C4ED3BC00A28D00 /* BuildFile in Sources */,
				63291F381C5979730064C296 /* TimelineTableCells.swift in Sources */,
				71FF6D371C72B2CD004A2B3D /* TimelineImageDetailView.swift in Sources */,
				63A99A6F1C763D97007E6F25 /* WaypointTableCell.swift in Sources */,
				71340E5C1C5217C3007F9E2F /* CalendarDataService.swift in Sources */,
				7160F69E1CE19BFD00A8D41F /* CalendarViewController.swift in Sources */,
				452EDC9E227B8C7500DE8B34 /* MapViewController.swift in Sources */,
				63A99A6B1C75859D007E6F25 /* QuestModalViewController.swift in Sources */,
				715AE4801C4EB08D00C8F0C9 /* Quest.swift in Sources */,
				71F4E1D51CE3DFE600A69728 /* UpdateFailureViewController.swift in Sources */,
				63A99A6D1C763AEA007E6F25 /* WaypointsModalViewController.swift in Sources */,
				630B0B511C744A8700876031 /* QuestContentViewController.swift in Sources */,
				715AE47E1C4EADF200C8F0C9 /* WayPoint.swift in Sources */,
				71340E581C5214A2007F9E2F /* QuestDataService.swift in Sources */,
				71B379B91C7928F40057B5B8 /* TutorialViewController.swift in Sources */,
				714C58B01C5ABF1600D6C33E /* Endpoints.swift in Sources */,
				7180A72E1C685DAA0080F121 /* TimelineTitleView.swift in Sources */,
				71A08C201CE233D30071DADA /* CalendarTableCell.swift in Sources */,
				713910501CE26FCB008089DF /* CalendarDetailViewController.swift in Sources */,
				6A3094401BD9CD4600A16342 /* Landmark.swift in Sources */,
				71294DAE1BC6FC1500B9F81B /* AppDelegate.swift in Sources */,
				71573EB41C707E5400B3E265 /* TimelineTextDetailView.swift in Sources */,
				71F0C7C01C7273920063EDB1 /* TimelineDetailView.swift in Sources */,
			);
			runOnlyForDeploymentPostprocessing = 0;
		};
		71294DC51BC6FC1500B9F81B /* Sources */ = {
			isa = PBXSourcesBuildPhase;
			buildActionMask = 2147483647;
			files = (
				71294DCE1BC6FC1500B9F81B /* Carleton150UITests.swift in Sources */,
			);
			runOnlyForDeploymentPostprocessing = 0;
		};
		71CC5F6A1BE942CF0065AA4C /* Sources */ = {
			isa = PBXSourcesBuildPhase;
			buildActionMask = 2147483647;
			files = (
				71CC5F791BE944220065AA4C /* DataServiceTest.swift in Sources */,
			);
			runOnlyForDeploymentPostprocessing = 0;
		};
/* End PBXSourcesBuildPhase section */

/* Begin PBXTargetDependency section */
		71294DCB1BC6FC1500B9F81B /* PBXTargetDependency */ = {
			isa = PBXTargetDependency;
			target = 71294DA91BC6FC1500B9F81B /* Carleton150 */;
			targetProxy = 71294DCA1BC6FC1500B9F81B /* PBXContainerItemProxy */;
		};
		71CC5F741BE942CF0065AA4C /* PBXTargetDependency */ = {
			isa = PBXTargetDependency;
			target = 71294DA91BC6FC1500B9F81B /* Carleton150 */;
			targetProxy = 71CC5F731BE942CF0065AA4C /* PBXContainerItemProxy */;
		};
/* End PBXTargetDependency section */

/* Begin PBXVariantGroup section */
		71294DB61BC6FC1500B9F81B /* LaunchScreen.storyboard */ = {
			isa = PBXVariantGroup;
			children = (
				71294DB71BC6FC1500B9F81B /* Base */,
			);
			name = LaunchScreen.storyboard;
			sourceTree = "<group>";
		};
/* End PBXVariantGroup section */

/* Begin XCBuildConfiguration section */
		71294DD01BC6FC1500B9F81B /* Debug */ = {
			isa = XCBuildConfiguration;
			buildSettings = {
				ALWAYS_SEARCH_USER_PATHS = NO;
				CLANG_CXX_LANGUAGE_STANDARD = "gnu++0x";
				CLANG_ENABLE_MODULES = YES;
				CLANG_ENABLE_OBJC_ARC = YES;
				CLANG_WARN_BOOL_CONVERSION = YES;
				CLANG_WARN_CONSTANT_CONVERSION = YES;
				CLANG_WARN_DIRECT_OBJC_ISA_USAGE = YES_ERROR;
				CLANG_WARN_EMPTY_BODY = YES;
				CLANG_WARN_ENUM_CONVERSION = YES;
				CLANG_WARN_INFINITE_RECURSION = YES;
				CLANG_WARN_INT_CONVERSION = YES;
				CLANG_WARN_OBJC_ROOT_CLASS = YES_ERROR;
				CLANG_WARN_SUSPICIOUS_MOVE = YES;
				CLANG_WARN_UNREACHABLE_CODE = YES;
				CLANG_WARN__DUPLICATE_METHOD_MATCH = YES;
				CODE_SIGN_IDENTITY = "iPhone Distribution: Carleton College (92GT3GU396)";
				"CODE_SIGN_IDENTITY[sdk=iphoneos*]" = "iPhone Distribution: Carleton College (92GT3GU396)";
				COPY_PHASE_STRIP = NO;
				DEFINES_MODULE = YES;
				ENABLE_STRICT_OBJC_MSGSEND = YES;
				ENABLE_TESTABILITY = YES;
				GCC_C_LANGUAGE_STANDARD = gnu99;
				GCC_DYNAMIC_NO_PIC = NO;
				GCC_NO_COMMON_BLOCKS = YES;
				GCC_OPTIMIZATION_LEVEL = 0;
				GCC_PREPROCESSOR_DEFINITIONS = (
					"DEBUG=1",
					"$(inherited)",
				);
				GCC_WARN_64_TO_32_BIT_CONVERSION = YES;
				GCC_WARN_ABOUT_RETURN_TYPE = YES_ERROR;
				GCC_WARN_UNDECLARED_SELECTOR = YES;
				GCC_WARN_UNINITIALIZED_AUTOS = YES_AGGRESSIVE;
				GCC_WARN_UNUSED_FUNCTION = YES;
				GCC_WARN_UNUSED_VARIABLE = YES;
				INFOPLIST_FILE = "";
				IPHONEOS_DEPLOYMENT_TARGET = 10.0;
				MTL_ENABLE_DEBUG_INFO = YES;
				ONLY_ACTIVE_ARCH = YES;
				SDKROOT = iphoneos;
				SWIFT_OPTIMIZATION_LEVEL = "-Onone";
				SWIFT_VERSION = 5.0;
				TARGETED_DEVICE_FAMILY = "1,2";
			};
			name = Debug;
		};
		71294DD11BC6FC1500B9F81B /* Release */ = {
			isa = XCBuildConfiguration;
			buildSettings = {
				ALWAYS_SEARCH_USER_PATHS = NO;
				CLANG_CXX_LANGUAGE_STANDARD = "gnu++0x";
				CLANG_ENABLE_MODULES = YES;
				CLANG_ENABLE_OBJC_ARC = YES;
				CLANG_WARN_BOOL_CONVERSION = YES;
				CLANG_WARN_CONSTANT_CONVERSION = YES;
				CLANG_WARN_DIRECT_OBJC_ISA_USAGE = YES_ERROR;
				CLANG_WARN_EMPTY_BODY = YES;
				CLANG_WARN_ENUM_CONVERSION = YES;
				CLANG_WARN_INFINITE_RECURSION = YES;
				CLANG_WARN_INT_CONVERSION = YES;
				CLANG_WARN_OBJC_ROOT_CLASS = YES_ERROR;
				CLANG_WARN_SUSPICIOUS_MOVE = YES;
				CLANG_WARN_UNREACHABLE_CODE = YES;
				CLANG_WARN__DUPLICATE_METHOD_MATCH = YES;
				CODE_SIGN_IDENTITY = "iPhone Distribution: Carleton College (92GT3GU396)";
				"CODE_SIGN_IDENTITY[sdk=iphoneos*]" = "iPhone Distribution: Carleton College (92GT3GU396)";
				COPY_PHASE_STRIP = NO;
				DEFINES_MODULE = YES;
				ENABLE_NS_ASSERTIONS = NO;
				ENABLE_STRICT_OBJC_MSGSEND = YES;
				GCC_C_LANGUAGE_STANDARD = gnu99;
				GCC_NO_COMMON_BLOCKS = YES;
				GCC_WARN_64_TO_32_BIT_CONVERSION = YES;
				GCC_WARN_ABOUT_RETURN_TYPE = YES_ERROR;
				GCC_WARN_UNDECLARED_SELECTOR = YES;
				GCC_WARN_UNINITIALIZED_AUTOS = YES_AGGRESSIVE;
				GCC_WARN_UNUSED_FUNCTION = YES;
				GCC_WARN_UNUSED_VARIABLE = YES;
				INFOPLIST_FILE = "";
				"INFOPLIST_FILE[sdk=*]" = "";
				IPHONEOS_DEPLOYMENT_TARGET = 10.0;
				MTL_ENABLE_DEBUG_INFO = NO;
				SDKROOT = iphoneos;
				SWIFT_OPTIMIZATION_LEVEL = "-Owholemodule";
				SWIFT_VERSION = 5.0;
				TARGETED_DEVICE_FAMILY = "1,2";
			};
			name = Release;
		};
		71294DD31BC6FC1500B9F81B /* Debug */ = {
			isa = XCBuildConfiguration;
			baseConfigurationReference = 108BA60D5BA197D8D472C262 /* Pods-Carleton150.debug.xcconfig */;
			buildSettings = {
				ASSETCATALOG_COMPILER_APPICON_NAME = AppIcon;
				ASSETCATALOG_COMPILER_LAUNCHIMAGE_NAME = LaunchImage;
				CLANG_ENABLE_MODULES = YES;
				CODE_SIGN_IDENTITY = "iPhone Developer";
				"CODE_SIGN_IDENTITY[sdk=iphoneos*]" = "iPhone Developer";
				CODE_SIGN_STYLE = Automatic;
				DEFINES_MODULE = NO;
				DEVELOPMENT_TEAM = 92GT3GU396;
				INFOPLIST_FILE = Carleton150/Info.plist;
				IPHONEOS_DEPLOYMENT_TARGET = 10.0;
				PRODUCT_BUNDLE_IDENTIFIER = edu.carleton.carleton150;
				PRODUCT_NAME = "$(TARGET_NAME)";
				PROVISIONING_PROFILE = "";
				PROVISIONING_PROFILE_SPECIFIER = "";
				SWIFT_OBJC_BRIDGING_HEADER = "Carleton150/Carleton150-Bridging-Header.h";
				SWIFT_OPTIMIZATION_LEVEL = "-Onone";
				SWIFT_VERSION = 5.0;
				TARGETED_DEVICE_FAMILY = "1,2";
			};
			name = Debug;
		};
		71294DD41BC6FC1500B9F81B /* Release */ = {
			isa = XCBuildConfiguration;
			baseConfigurationReference = EE571CAA0830595D550C1A9C /* Pods-Carleton150.release.xcconfig */;
			buildSettings = {
				ASSETCATALOG_COMPILER_APPICON_NAME = AppIcon;
				ASSETCATALOG_COMPILER_LAUNCHIMAGE_NAME = LaunchImage;
				CLANG_ENABLE_MODULES = YES;
				CODE_SIGN_IDENTITY = "iPhone Developer";
				"CODE_SIGN_IDENTITY[sdk=iphoneos*]" = "iPhone Developer";
				CODE_SIGN_STYLE = Automatic;
				DEFINES_MODULE = NO;
				DEVELOPMENT_TEAM = 92GT3GU396;
				INFOPLIST_FILE = Carleton150/Info.plist;
				IPHONEOS_DEPLOYMENT_TARGET = 10.0;
				PRODUCT_BUNDLE_IDENTIFIER = edu.carleton.carleton150;
				PRODUCT_NAME = "$(TARGET_NAME)";
				PROVISIONING_PROFILE = "";
				PROVISIONING_PROFILE_SPECIFIER = "";
				SWIFT_OBJC_BRIDGING_HEADER = "Carleton150/Carleton150-Bridging-Header.h";
				SWIFT_VERSION = 5.0;
				TARGETED_DEVICE_FAMILY = "1,2";
			};
			name = Release;
		};
		71294DD91BC6FC1500B9F81B /* Debug */ = {
			isa = XCBuildConfiguration;
			baseConfigurationReference = AB26BAB69599601BA66E906C /* Pods-Carleton150UITests.debug.xcconfig */;
			buildSettings = {
				INFOPLIST_FILE = Carleton150UITests/Info.plist;
				LD_RUNPATH_SEARCH_PATHS = "$(inherited) @executable_path/Frameworks @loader_path/Frameworks";
				PRODUCT_BUNDLE_IDENTIFIER = edu.carleton.carleton150.Carleton150UITests;
				PRODUCT_NAME = "$(TARGET_NAME)";
				SWIFT_VERSION = 5.0;
				TEST_TARGET_NAME = Carleton150;
				USES_XCTRUNNER = YES;
			};
			name = Debug;
		};
		71294DDA1BC6FC1500B9F81B /* Release */ = {
			isa = XCBuildConfiguration;
			baseConfigurationReference = B640A99B9D5DD8FD3E5A37BE /* Pods-Carleton150UITests.release.xcconfig */;
			buildSettings = {
				INFOPLIST_FILE = Carleton150UITests/Info.plist;
				LD_RUNPATH_SEARCH_PATHS = "$(inherited) @executable_path/Frameworks @loader_path/Frameworks";
				PRODUCT_BUNDLE_IDENTIFIER = edu.carleton.carleton150.Carleton150UITests;
				PRODUCT_NAME = "$(TARGET_NAME)";
				SWIFT_VERSION = 5.0;
				TEST_TARGET_NAME = Carleton150;
				USES_XCTRUNNER = YES;
			};
			name = Release;
		};
		71CC5F761BE942CF0065AA4C /* Debug */ = {
			isa = XCBuildConfiguration;
			baseConfigurationReference = 7E617F5FEF43ACBD11D7AD8A /* Pods-Carleton150Tests.debug.xcconfig */;
			buildSettings = {
				BUNDLE_LOADER = "$(TEST_HOST)";
				INFOPLIST_FILE = Carleton150Tests/Info.plist;
				LD_RUNPATH_SEARCH_PATHS = "$(inherited) @executable_path/Frameworks @loader_path/Frameworks";
				PRODUCT_BUNDLE_IDENTIFIER = edu.carleton.carleton150.Carleton150Tests;
				PRODUCT_NAME = "$(TARGET_NAME)";
				SWIFT_VERSION = 5.0;
				TEST_HOST = "$(BUILT_PRODUCTS_DIR)/Carleton150.app/Carleton150";
			};
			name = Debug;
		};
		71CC5F771BE942CF0065AA4C /* Release */ = {
			isa = XCBuildConfiguration;
			baseConfigurationReference = 922B056C53D9C66EAC3FA395 /* Pods-Carleton150Tests.release.xcconfig */;
			buildSettings = {
				BUNDLE_LOADER = "$(TEST_HOST)";
				INFOPLIST_FILE = Carleton150Tests/Info.plist;
				LD_RUNPATH_SEARCH_PATHS = "$(inherited) @executable_path/Frameworks @loader_path/Frameworks";
				PRODUCT_BUNDLE_IDENTIFIER = edu.carleton.carleton150.Carleton150Tests;
				PRODUCT_NAME = "$(TARGET_NAME)";
				SWIFT_VERSION = 5.0;
				TEST_HOST = "$(BUILT_PRODUCTS_DIR)/Carleton150.app/Carleton150";
			};
			name = Release;
		};
/* End XCBuildConfiguration section */

/* Begin XCConfigurationList section */
		71294DA51BC6FC1500B9F81B /* Build configuration list for PBXProject "Carleton150" */ = {
			isa = XCConfigurationList;
			buildConfigurations = (
				71294DD01BC6FC1500B9F81B /* Debug */,
				71294DD11BC6FC1500B9F81B /* Release */,
			);
			defaultConfigurationIsVisible = 0;
			defaultConfigurationName = Release;
		};
		71294DD21BC6FC1500B9F81B /* Build configuration list for PBXNativeTarget "Carleton150" */ = {
			isa = XCConfigurationList;
			buildConfigurations = (
				71294DD31BC6FC1500B9F81B /* Debug */,
				71294DD41BC6FC1500B9F81B /* Release */,
			);
			defaultConfigurationIsVisible = 0;
			defaultConfigurationName = Release;
		};
		71294DD81BC6FC1500B9F81B /* Build configuration list for PBXNativeTarget "Carleton150UITests" */ = {
			isa = XCConfigurationList;
			buildConfigurations = (
				71294DD91BC6FC1500B9F81B /* Debug */,
				71294DDA1BC6FC1500B9F81B /* Release */,
			);
			defaultConfigurationIsVisible = 0;
			defaultConfigurationName = Release;
		};
		71CC5F751BE942CF0065AA4C /* Build configuration list for PBXNativeTarget "Carleton150Tests" */ = {
			isa = XCConfigurationList;
			buildConfigurations = (
				71CC5F761BE942CF0065AA4C /* Debug */,
				71CC5F771BE942CF0065AA4C /* Release */,
			);
			defaultConfigurationIsVisible = 0;
			defaultConfigurationName = Release;
		};
/* End XCConfigurationList section */
	};
	rootObject = 71294DA21BC6FC1500B9F81B /* Project object */;
}
