// !$*UTF8*$!
{
	archiveVersion = 1;
	classes = {
	};
	objectVersion = 46;
	objects = {

/* Begin PBXBuildFile section */
		3C7C651B588C8C78CEBC3E38 /* Pods_Carleton150.framework in Frameworks */ = {isa = PBXBuildFile; fileRef = 39FEB0FEB30D513E7B3C1CDA /* Pods_Carleton150.framework */; };
		6A3094401BD9CD4600A16342 /* Geotification.swift in Sources */ = {isa = PBXBuildFile; fileRef = 6A30943F1BD9CD4600A16342 /* Geotification.swift */; };
		71294DAE1BC6FC1500B9F81B /* AppDelegate.swift in Sources */ = {isa = PBXBuildFile; fileRef = 71294DAD1BC6FC1500B9F81B /* AppDelegate.swift */; };
		71294DB01BC6FC1500B9F81B /* ViewController.swift in Sources */ = {isa = PBXBuildFile; fileRef = 71294DAF1BC6FC1500B9F81B /* ViewController.swift */; };
		71294DB31BC6FC1500B9F81B /* Main.storyboard in Resources */ = {isa = PBXBuildFile; fileRef = 71294DB11BC6FC1500B9F81B /* Main.storyboard */; };
		71294DB51BC6FC1500B9F81B /* Assets.xcassets in Resources */ = {isa = PBXBuildFile; fileRef = 71294DB41BC6FC1500B9F81B /* Assets.xcassets */; };
		71294DB81BC6FC1500B9F81B /* LaunchScreen.storyboard in Resources */ = {isa = PBXBuildFile; fileRef = 71294DB61BC6FC1500B9F81B /* LaunchScreen.storyboard */; };
		71294DCE1BC6FC1500B9F81B /* Carleton150UITests.swift in Sources */ = {isa = PBXBuildFile; fileRef = 71294DCD1BC6FC1500B9F81B /* Carleton150UITests.swift */; };
		717FE3E61BC7001D009CA507 /* Keys.plist in Resources */ = {isa = PBXBuildFile; fileRef = 717FE3E51BC7001D009CA507 /* Keys.plist */; };
		718104121BE90F7900944F8A /* DataService.swift in Sources */ = {isa = PBXBuildFile; fileRef = 718104111BE90F7900944F8A /* DataService.swift */; };
		71CC5F791BE944220065AA4C /* DataServiceTest.swift in Sources */ = {isa = PBXBuildFile; fileRef = 71CC5F781BE944220065AA4C /* DataServiceTest.swift */; };
		DE91C2426C63D15AFB832D1D /* Pods.framework in Frameworks */ = {isa = PBXBuildFile; fileRef = B806A61E13CBDF524607BD9E /* Pods.framework */; };
/* End PBXBuildFile section */

/* Begin PBXContainerItemProxy section */
		71294DCA1BC6FC1500B9F81B /* PBXContainerItemProxy */ = {
			isa = PBXContainerItemProxy;
			containerPortal = 71294DA21BC6FC1500B9F81B /* Project object */;
			proxyType = 1;
			remoteGlobalIDString = 71294DA91BC6FC1500B9F81B;
			remoteInfo = Carleton150;
		};
		71CC5F731BE942CF0065AA4C /* PBXContainerItemProxy */ = {
			isa = PBXContainerItemProxy;
			containerPortal = 71294DA21BC6FC1500B9F81B /* Project object */;
			proxyType = 1;
			remoteGlobalIDString = 71294DA91BC6FC1500B9F81B;
			remoteInfo = Carleton150;
		};
/* End PBXContainerItemProxy section */

/* Begin PBXFileReference section */
		39FEB0FEB30D513E7B3C1CDA /* Pods_Carleton150.framework */ = {isa = PBXFileReference; explicitFileType = wrapper.framework; includeInIndex = 0; path = Pods_Carleton150.framework; sourceTree = BUILT_PRODUCTS_DIR; };
		3FBAB4B9CF8E6ECBB08983E6 /* Pods.debug.xcconfig */ = {isa = PBXFileReference; includeInIndex = 1; lastKnownFileType = text.xcconfig; name = Pods.debug.xcconfig; path = "Pods/Target Support Files/Pods/Pods.debug.xcconfig"; sourceTree = "<group>"; };
		44F4A8948584594D31E6D696 /* Pods.release.xcconfig */ = {isa = PBXFileReference; includeInIndex = 1; lastKnownFileType = text.xcconfig; name = Pods.release.xcconfig; path = "Pods/Target Support Files/Pods/Pods.release.xcconfig"; sourceTree = "<group>"; };
		4EF7FF35B1F532FC92A7B8A3 /* Pods-Carleton150Tests.release.xcconfig */ = {isa = PBXFileReference; includeInIndex = 1; lastKnownFileType = text.xcconfig; name = "Pods-Carleton150Tests.release.xcconfig"; path = "Pods/Target Support Files/Pods-Carleton150Tests/Pods-Carleton150Tests.release.xcconfig"; sourceTree = "<group>"; };
		6A30943F1BD9CD4600A16342 /* Geotification.swift */ = {isa = PBXFileReference; fileEncoding = 4; lastKnownFileType = sourcecode.swift; path = Geotification.swift; sourceTree = "<group>"; };
		6A3094411BDDDFAC00A16342 /* TestLocation.gpx */ = {isa = PBXFileReference; lastKnownFileType = text.xml; path = TestLocation.gpx; sourceTree = "<group>"; };
		71294DAA1BC6FC1500B9F81B /* Carleton150.app */ = {isa = PBXFileReference; explicitFileType = wrapper.application; includeInIndex = 0; path = Carleton150.app; sourceTree = BUILT_PRODUCTS_DIR; };
		71294DAD1BC6FC1500B9F81B /* AppDelegate.swift */ = {isa = PBXFileReference; lastKnownFileType = sourcecode.swift; path = AppDelegate.swift; sourceTree = "<group>"; };
		71294DAF1BC6FC1500B9F81B /* ViewController.swift */ = {isa = PBXFileReference; lastKnownFileType = sourcecode.swift; path = ViewController.swift; sourceTree = "<group>"; };
		71294DB21BC6FC1500B9F81B /* Base */ = {isa = PBXFileReference; lastKnownFileType = file.storyboard; name = Base; path = Base.lproj/Main.storyboard; sourceTree = "<group>"; };
		71294DB41BC6FC1500B9F81B /* Assets.xcassets */ = {isa = PBXFileReference; lastKnownFileType = folder.assetcatalog; path = Assets.xcassets; sourceTree = "<group>"; };
		71294DB71BC6FC1500B9F81B /* Base */ = {isa = PBXFileReference; lastKnownFileType = file.storyboard; name = Base; path = Base.lproj/LaunchScreen.storyboard; sourceTree = "<group>"; };
		71294DB91BC6FC1500B9F81B /* Info.plist */ = {isa = PBXFileReference; lastKnownFileType = text.plist.xml; path = Info.plist; sourceTree = "<group>"; };
		71294DC91BC6FC1500B9F81B /* Carleton150UITests.xctest */ = {isa = PBXFileReference; explicitFileType = wrapper.cfbundle; includeInIndex = 0; path = Carleton150UITests.xctest; sourceTree = BUILT_PRODUCTS_DIR; };
		71294DCD1BC6FC1500B9F81B /* Carleton150UITests.swift */ = {isa = PBXFileReference; lastKnownFileType = sourcecode.swift; path = Carleton150UITests.swift; sourceTree = "<group>"; };
		71294DCF1BC6FC1500B9F81B /* Info.plist */ = {isa = PBXFileReference; lastKnownFileType = text.plist.xml; path = Info.plist; sourceTree = "<group>"; };
		71676CC11BDED61700F1183D /* Carleton150-Bridging-Header.h */ = {isa = PBXFileReference; lastKnownFileType = sourcecode.c.h; path = "Carleton150-Bridging-Header.h"; sourceTree = "<group>"; };
		717FE3E51BC7001D009CA507 /* Keys.plist */ = {isa = PBXFileReference; fileEncoding = 4; lastKnownFileType = text.plist.xml; path = Keys.plist; sourceTree = "<group>"; };
		718104111BE90F7900944F8A /* DataService.swift */ = {isa = PBXFileReference; fileEncoding = 4; lastKnownFileType = sourcecode.swift; path = DataService.swift; sourceTree = "<group>"; };
		71CC5F6E1BE942CF0065AA4C /* Carleton150Tests.xctest */ = {isa = PBXFileReference; explicitFileType = wrapper.cfbundle; includeInIndex = 0; path = Carleton150Tests.xctest; sourceTree = BUILT_PRODUCTS_DIR; };
		71CC5F721BE942CF0065AA4C /* Info.plist */ = {isa = PBXFileReference; lastKnownFileType = text.plist.xml; path = Info.plist; sourceTree = "<group>"; };
		71CC5F781BE944220065AA4C /* DataServiceTest.swift */ = {isa = PBXFileReference; fileEncoding = 4; lastKnownFileType = sourcecode.swift; path = DataServiceTest.swift; sourceTree = "<group>"; };
		A13C89B298A898D72EE69AED /* Pods_Carleton150Tests.framework */ = {isa = PBXFileReference; explicitFileType = wrapper.framework; includeInIndex = 0; path = Pods_Carleton150Tests.framework; sourceTree = BUILT_PRODUCTS_DIR; };
		B806A61E13CBDF524607BD9E /* Pods.framework */ = {isa = PBXFileReference; explicitFileType = wrapper.framework; includeInIndex = 0; path = Pods.framework; sourceTree = BUILT_PRODUCTS_DIR; };
		D510DD6D1D9B3B955D223FB4 /* Pods-Carleton150Tests.debug.xcconfig */ = {isa = PBXFileReference; includeInIndex = 1; lastKnownFileType = text.xcconfig; name = "Pods-Carleton150Tests.debug.xcconfig"; path = "Pods/Target Support Files/Pods-Carleton150Tests/Pods-Carleton150Tests.debug.xcconfig"; sourceTree = "<group>"; };
/* End PBXFileReference section */

/* Begin PBXFrameworksBuildPhase section */
		71294DA71BC6FC1500B9F81B /* Frameworks */ = {
			isa = PBXFrameworksBuildPhase;
			buildActionMask = 2147483647;
			files = (
				DE91C2426C63D15AFB832D1D /* Pods.framework in Frameworks */,
				3C7C651B588C8C78CEBC3E38 /* Pods_Carleton150.framework in Frameworks */,
			);
			runOnlyForDeploymentPostprocessing = 0;
		};
		71294DC61BC6FC1500B9F81B /* Frameworks */ = {
			isa = PBXFrameworksBuildPhase;
			buildActionMask = 2147483647;
			files = (
			);
			runOnlyForDeploymentPostprocessing = 0;
		};
		71CC5F6B1BE942CF0065AA4C /* Frameworks */ = {
			isa = PBXFrameworksBuildPhase;
			buildActionMask = 2147483647;
			files = (
			);
			runOnlyForDeploymentPostprocessing = 0;
		};
/* End PBXFrameworksBuildPhase section */

/* Begin PBXGroup section */
		71294DA11BC6FC1500B9F81B = {
			isa = PBXGroup;
			children = (
				71294DAC1BC6FC1500B9F81B /* Carleton150 */,
				71294DCC1BC6FC1500B9F81B /* Carleton150UITests */,
				71CC5F6F1BE942CF0065AA4C /* Carleton150Tests */,
				71294DAB1BC6FC1500B9F81B /* Products */,
				B942DC4C5343322BBFFA7EAC /* Pods */,
				93AFF1052C40EADBED9AA042 /* Frameworks */,
			);
			sourceTree = "<group>";
		};
		71294DAB1BC6FC1500B9F81B /* Products */ = {
			isa = PBXGroup;
			children = (
				71294DAA1BC6FC1500B9F81B /* Carleton150.app */,
				71294DC91BC6FC1500B9F81B /* Carleton150UITests.xctest */,
				71CC5F6E1BE942CF0065AA4C /* Carleton150Tests.xctest */,
			);
			name = Products;
			sourceTree = "<group>";
		};
		71294DAC1BC6FC1500B9F81B /* Carleton150 */ = {
			isa = PBXGroup;
			children = (
				71294DAD1BC6FC1500B9F81B /* AppDelegate.swift */,
				6A30943F1BD9CD4600A16342 /* Geotification.swift */,
				718104111BE90F7900944F8A /* DataService.swift */,
				71294DAF1BC6FC1500B9F81B /* ViewController.swift */,
				6A3094411BDDDFAC00A16342 /* TestLocation.gpx */,
				71294DB11BC6FC1500B9F81B /* Main.storyboard */,
				71294DB41BC6FC1500B9F81B /* Assets.xcassets */,
				71294DB61BC6FC1500B9F81B /* LaunchScreen.storyboard */,
				717FE3E51BC7001D009CA507 /* Keys.plist */,
				71294DB91BC6FC1500B9F81B /* Info.plist */,
				71676CC11BDED61700F1183D /* Carleton150-Bridging-Header.h */,
			);
			path = Carleton150;
			sourceTree = "<group>";
		};
		71294DCC1BC6FC1500B9F81B /* Carleton150UITests */ = {
			isa = PBXGroup;
			children = (
				71294DCD1BC6FC1500B9F81B /* Carleton150UITests.swift */,
				71294DCF1BC6FC1500B9F81B /* Info.plist */,
			);
			path = Carleton150UITests;
			sourceTree = "<group>";
		};
		71CC5F6F1BE942CF0065AA4C /* Carleton150Tests */ = {
			isa = PBXGroup;
			children = (
				71CC5F721BE942CF0065AA4C /* Info.plist */,
				71CC5F781BE944220065AA4C /* DataServiceTest.swift */,
			);
			path = Carleton150Tests;
			sourceTree = "<group>";
		};
		93AFF1052C40EADBED9AA042 /* Frameworks */ = {
			isa = PBXGroup;
			children = (
				B806A61E13CBDF524607BD9E /* Pods.framework */,
				39FEB0FEB30D513E7B3C1CDA /* Pods_Carleton150.framework */,
				A13C89B298A898D72EE69AED /* Pods_Carleton150Tests.framework */,
			);
			name = Frameworks;
			sourceTree = "<group>";
		};
		B942DC4C5343322BBFFA7EAC /* Pods */ = {
			isa = PBXGroup;
			children = (
				3FBAB4B9CF8E6ECBB08983E6 /* Pods.debug.xcconfig */,
				44F4A8948584594D31E6D696 /* Pods.release.xcconfig */,
				D510DD6D1D9B3B955D223FB4 /* Pods-Carleton150Tests.debug.xcconfig */,
				4EF7FF35B1F532FC92A7B8A3 /* Pods-Carleton150Tests.release.xcconfig */,
			);
			name = Pods;
			sourceTree = "<group>";
		};
/* End PBXGroup section */

/* Begin PBXNativeTarget section */
		71294DA91BC6FC1500B9F81B /* Carleton150 */ = {
			isa = PBXNativeTarget;
			buildConfigurationList = 71294DD21BC6FC1500B9F81B /* Build configuration list for PBXNativeTarget "Carleton150" */;
			buildPhases = (
				AFBD7EF8528EAAC4B5551C14 /* Check Pods Manifest.lock */,
				71294DA61BC6FC1500B9F81B /* Sources */,
				71294DA71BC6FC1500B9F81B /* Frameworks */,
				71294DA81BC6FC1500B9F81B /* Resources */,
				FA9517F0299527F650386F7C /* Copy Pods Resources */,
				98BC9B80DBDBF3CC857B8618 /* Embed Pods Frameworks */,
			);
			buildRules = (
			);
			dependencies = (
			);
			name = Carleton150;
			productName = Carleton150;
			productReference = 71294DAA1BC6FC1500B9F81B /* Carleton150.app */;
			productType = "com.apple.product-type.application";
		};
		71294DC81BC6FC1500B9F81B /* Carleton150UITests */ = {
			isa = PBXNativeTarget;
			buildConfigurationList = 71294DD81BC6FC1500B9F81B /* Build configuration list for PBXNativeTarget "Carleton150UITests" */;
			buildPhases = (
				71294DC51BC6FC1500B9F81B /* Sources */,
				71294DC61BC6FC1500B9F81B /* Frameworks */,
				71294DC71BC6FC1500B9F81B /* Resources */,
			);
			buildRules = (
			);
			dependencies = (
				71294DCB1BC6FC1500B9F81B /* PBXTargetDependency */,
			);
			name = Carleton150UITests;
			productName = Carleton150UITests;
			productReference = 71294DC91BC6FC1500B9F81B /* Carleton150UITests.xctest */;
			productType = "com.apple.product-type.bundle.ui-testing";
		};
		71CC5F6D1BE942CF0065AA4C /* Carleton150Tests */ = {
			isa = PBXNativeTarget;
			buildConfigurationList = 71CC5F751BE942CF0065AA4C /* Build configuration list for PBXNativeTarget "Carleton150Tests" */;
			buildPhases = (
				71CC5F6A1BE942CF0065AA4C /* Sources */,
				71CC5F6B1BE942CF0065AA4C /* Frameworks */,
				71CC5F6C1BE942CF0065AA4C /* Resources */,
			);
			buildRules = (
			);
			dependencies = (
				71CC5F741BE942CF0065AA4C /* PBXTargetDependency */,
			);
			name = Carleton150Tests;
			productName = Carleton150Tests;
			productReference = 71CC5F6E1BE942CF0065AA4C /* Carleton150Tests.xctest */;
			productType = "com.apple.product-type.bundle.unit-test";
		};
/* End PBXNativeTarget section */

/* Begin PBXProject section */
		71294DA21BC6FC1500B9F81B /* Project object */ = {
			isa = PBXProject;
			attributes = {
				LastSwiftUpdateCheck = 0710;
				LastUpgradeCheck = 0700;
				ORGANIZATIONNAME = edu.carleton.carleton150;
				TargetAttributes = {
					71294DA91BC6FC1500B9F81B = {
						CreatedOnToolsVersion = 7.0.1;
					};
					71294DC81BC6FC1500B9F81B = {
						CreatedOnToolsVersion = 7.0.1;
						TestTargetID = 71294DA91BC6FC1500B9F81B;
					};
					71CC5F6D1BE942CF0065AA4C = {
						CreatedOnToolsVersion = 7.1;
						TestTargetID = 71294DA91BC6FC1500B9F81B;
					};
				};
			};
			buildConfigurationList = 71294DA51BC6FC1500B9F81B /* Build configuration list for PBXProject "Carleton150" */;
			compatibilityVersion = "Xcode 3.2";
			developmentRegion = English;
			hasScannedForEncodings = 0;
			knownRegions = (
				en,
				Base,
			);
			mainGroup = 71294DA11BC6FC1500B9F81B;
			productRefGroup = 71294DAB1BC6FC1500B9F81B /* Products */;
			projectDirPath = "";
			projectRoot = "";
			targets = (
				71294DA91BC6FC1500B9F81B /* Carleton150 */,
				71294DC81BC6FC1500B9F81B /* Carleton150UITests */,
				71CC5F6D1BE942CF0065AA4C /* Carleton150Tests */,
			);
		};
/* End PBXProject section */

/* Begin PBXResourcesBuildPhase section */
		71294DA81BC6FC1500B9F81B /* Resources */ = {
			isa = PBXResourcesBuildPhase;
			buildActionMask = 2147483647;
			files = (
				717FE3E61BC7001D009CA507 /* Keys.plist in Resources */,
				71294DB81BC6FC1500B9F81B /* LaunchScreen.storyboard in Resources */,
				71294DB51BC6FC1500B9F81B /* Assets.xcassets in Resources */,
				71294DB31BC6FC1500B9F81B /* Main.storyboard in Resources */,
			);
			runOnlyForDeploymentPostprocessing = 0;
		};
		71294DC71BC6FC1500B9F81B /* Resources */ = {
			isa = PBXResourcesBuildPhase;
			buildActionMask = 2147483647;
			files = (
			);
			runOnlyForDeploymentPostprocessing = 0;
		};
		71CC5F6C1BE942CF0065AA4C /* Resources */ = {
			isa = PBXResourcesBuildPhase;
			buildActionMask = 2147483647;
			files = (
			);
			runOnlyForDeploymentPostprocessing = 0;
		};
/* End PBXResourcesBuildPhase section */

/* Begin PBXShellScriptBuildPhase section */
		98BC9B80DBDBF3CC857B8618 /* Embed Pods Frameworks */ = {
			isa = PBXShellScriptBuildPhase;
			buildActionMask = 2147483647;
			files = (
			);
			inputPaths = (
			);
			name = "Embed Pods Frameworks";
			outputPaths = (
			);
			runOnlyForDeploymentPostprocessing = 0;
			shellPath = /bin/sh;
			shellScript = "\"${SRCROOT}/Pods/Target Support Files/Pods-Carleton150/Pods-Carleton150-frameworks.sh\"\n";
			showEnvVarsInLog = 0;
		};
		AFBD7EF8528EAAC4B5551C14 /* Check Pods Manifest.lock */ = {
			isa = PBXShellScriptBuildPhase;
			buildActionMask = 2147483647;
			files = (
			);
			inputPaths = (
			);
			name = "Check Pods Manifest.lock";
			outputPaths = (
			);
			runOnlyForDeploymentPostprocessing = 0;
			shellPath = /bin/sh;
			shellScript = "diff \"${PODS_ROOT}/../Podfile.lock\" \"${PODS_ROOT}/Manifest.lock\" > /dev/null\nif [[ $? != 0 ]] ; then\n    cat << EOM\nerror: The sandbox is not in sync with the Podfile.lock. Run 'pod install' or update your CocoaPods installation.\nEOM\n    exit 1\nfi\n";
			showEnvVarsInLog = 0;
		};
		FA9517F0299527F650386F7C /* Copy Pods Resources */ = {
			isa = PBXShellScriptBuildPhase;
			buildActionMask = 2147483647;
			files = (
			);
			inputPaths = (
			);
			name = "Copy Pods Resources";
			outputPaths = (
			);
			runOnlyForDeploymentPostprocessing = 0;
			shellPath = /bin/sh;
			shellScript = "\"${SRCROOT}/Pods/Target Support Files/Pods/Pods-resources.sh\"\n";
			showEnvVarsInLog = 0;
		};
/* End PBXShellScriptBuildPhase section */

/* Begin PBXSourcesBuildPhase section */
		71294DA61BC6FC1500B9F81B /* Sources */ = {
			isa = PBXSourcesBuildPhase;
			buildActionMask = 2147483647;
			files = (
				71294DB01BC6FC1500B9F81B /* ViewController.swift in Sources */,
				718104121BE90F7900944F8A /* DataService.swift in Sources */,
				6A3094401BD9CD4600A16342 /* Geotification.swift in Sources */,
				71294DAE1BC6FC1500B9F81B /* AppDelegate.swift in Sources */,
			);
			runOnlyForDeploymentPostprocessing = 0;
		};
		71294DC51BC6FC1500B9F81B /* Sources */ = {
			isa = PBXSourcesBuildPhase;
			buildActionMask = 2147483647;
			files = (
				71294DCE1BC6FC1500B9F81B /* Carleton150UITests.swift in Sources */,
			);
			runOnlyForDeploymentPostprocessing = 0;
		};
		71CC5F6A1BE942CF0065AA4C /* Sources */ = {
			isa = PBXSourcesBuildPhase;
			buildActionMask = 2147483647;
			files = (
				71CC5F791BE944220065AA4C /* DataServiceTest.swift in Sources */,
			);
			runOnlyForDeploymentPostprocessing = 0;
		};
/* End PBXSourcesBuildPhase section */

/* Begin PBXTargetDependency section */
		71294DCB1BC6FC1500B9F81B /* PBXTargetDependency */ = {
			isa = PBXTargetDependency;
			target = 71294DA91BC6FC1500B9F81B /* Carleton150 */;
			targetProxy = 71294DCA1BC6FC1500B9F81B /* PBXContainerItemProxy */;
		};
		71CC5F741BE942CF0065AA4C /* PBXTargetDependency */ = {
			isa = PBXTargetDependency;
			target = 71294DA91BC6FC1500B9F81B /* Carleton150 */;
			targetProxy = 71CC5F731BE942CF0065AA4C /* PBXContainerItemProxy */;
		};
/* End PBXTargetDependency section */

/* Begin PBXVariantGroup section */
		71294DB11BC6FC1500B9F81B /* Main.storyboard */ = {
			isa = PBXVariantGroup;
			children = (
				71294DB21BC6FC1500B9F81B /* Base */,
			);
			name = Main.storyboard;
			sourceTree = "<group>";
		};
		71294DB61BC6FC1500B9F81B /* LaunchScreen.storyboard */ = {
			isa = PBXVariantGroup;
			children = (
				71294DB71BC6FC1500B9F81B /* Base */,
			);
			name = LaunchScreen.storyboard;
			sourceTree = "<group>";
		};
/* End PBXVariantGroup section */

/* Begin XCBuildConfiguration section */
		71294DD01BC6FC1500B9F81B /* Debug */ = {
			isa = XCBuildConfiguration;
			buildSettings = {
				ALWAYS_SEARCH_USER_PATHS = NO;
				CLANG_CXX_LANGUAGE_STANDARD = "gnu++0x";
				CLANG_CXX_LIBRARY = "libc++";
				CLANG_ENABLE_MODULES = YES;
				CLANG_ENABLE_OBJC_ARC = YES;
				CLANG_WARN_BOOL_CONVERSION = YES;
				CLANG_WARN_CONSTANT_CONVERSION = YES;
				CLANG_WARN_DIRECT_OBJC_ISA_USAGE = YES_ERROR;
				CLANG_WARN_EMPTY_BODY = YES;
				CLANG_WARN_ENUM_CONVERSION = YES;
				CLANG_WARN_INT_CONVERSION = YES;
				CLANG_WARN_OBJC_ROOT_CLASS = YES_ERROR;
				CLANG_WARN_UNREACHABLE_CODE = YES;
				CLANG_WARN__DUPLICATE_METHOD_MATCH = YES;
				"CODE_SIGN_IDENTITY[sdk=iphoneos*]" = "iPhone Developer";
				COPY_PHASE_STRIP = NO;
				DEBUG_INFORMATION_FORMAT = dwarf;
				DEFINES_MODULE = YES;
				ENABLE_BITCODE = NO;
				ENABLE_STRICT_OBJC_MSGSEND = YES;
				ENABLE_TESTABILITY = YES;
				GCC_C_LANGUAGE_STANDARD = gnu99;
				GCC_DYNAMIC_NO_PIC = NO;
				GCC_NO_COMMON_BLOCKS = YES;
				GCC_OPTIMIZATION_LEVEL = 0;
				GCC_PREPROCESSOR_DEFINITIONS = (
					"DEBUG=1",
					"$(inherited)",
				);
				GCC_WARN_64_TO_32_BIT_CONVERSION = YES;
				GCC_WARN_ABOUT_RETURN_TYPE = YES_ERROR;
				GCC_WARN_UNDECLARED_SELECTOR = YES;
				GCC_WARN_UNINITIALIZED_AUTOS = YES_AGGRESSIVE;
				GCC_WARN_UNUSED_FUNCTION = YES;
				GCC_WARN_UNUSED_VARIABLE = YES;
				IPHONEOS_DEPLOYMENT_TARGET = 9.1;
				MTL_ENABLE_DEBUG_INFO = YES;
				ONLY_ACTIVE_ARCH = YES;
				SDKROOT = iphoneos;
				SWIFT_OPTIMIZATION_LEVEL = "-Onone";
				TARGETED_DEVICE_FAMILY = "1,2";
			};
			name = Debug;
		};
		71294DD11BC6FC1500B9F81B /* Release */ = {
			isa = XCBuildConfiguration;
			buildSettings = {
				ALWAYS_SEARCH_USER_PATHS = NO;
				CLANG_CXX_LANGUAGE_STANDARD = "gnu++0x";
				CLANG_CXX_LIBRARY = "libc++";
				CLANG_ENABLE_MODULES = YES;
				CLANG_ENABLE_OBJC_ARC = YES;
				CLANG_WARN_BOOL_CONVERSION = YES;
				CLANG_WARN_CONSTANT_CONVERSION = YES;
				CLANG_WARN_DIRECT_OBJC_ISA_USAGE = YES_ERROR;
				CLANG_WARN_EMPTY_BODY = YES;
				CLANG_WARN_ENUM_CONVERSION = YES;
				CLANG_WARN_INT_CONVERSION = YES;
				CLANG_WARN_OBJC_ROOT_CLASS = YES_ERROR;
				CLANG_WARN_UNREACHABLE_CODE = YES;
				CLANG_WARN__DUPLICATE_METHOD_MATCH = YES;
				"CODE_SIGN_IDENTITY[sdk=iphoneos*]" = "iPhone Developer";
				COPY_PHASE_STRIP = NO;
				DEBUG_INFORMATION_FORMAT = "dwarf-with-dsym";
				DEFINES_MODULE = YES;
				ENABLE_BITCODE = NO;
				ENABLE_NS_ASSERTIONS = NO;
				ENABLE_STRICT_OBJC_MSGSEND = YES;
				GCC_C_LANGUAGE_STANDARD = gnu99;
				GCC_NO_COMMON_BLOCKS = YES;
				GCC_WARN_64_TO_32_BIT_CONVERSION = YES;
				GCC_WARN_ABOUT_RETURN_TYPE = YES_ERROR;
				GCC_WARN_UNDECLARED_SELECTOR = YES;
				GCC_WARN_UNINITIALIZED_AUTOS = YES_AGGRESSIVE;
				GCC_WARN_UNUSED_FUNCTION = YES;
				GCC_WARN_UNUSED_VARIABLE = YES;
				IPHONEOS_DEPLOYMENT_TARGET = 9.1;
				MTL_ENABLE_DEBUG_INFO = NO;
				SDKROOT = iphoneos;
				TARGETED_DEVICE_FAMILY = "1,2";
				VALIDATE_PRODUCT = YES;
			};
			name = Release;
		};
		71294DD31BC6FC1500B9F81B /* Debug */ = {
			isa = XCBuildConfiguration;
			baseConfigurationReference = 3FBAB4B9CF8E6ECBB08983E6 /* Pods.debug.xcconfig */;
			buildSettings = {
				ASSETCATALOG_COMPILER_APPICON_NAME = AppIcon;
				CLANG_ENABLE_MODULES = YES;
				DEFINES_MODULE = NO;
				INFOPLIST_FILE = Carleton150/Info.plist;
				LD_RUNPATH_SEARCH_PATHS = "$(inherited) @executable_path/Frameworks";
				PRODUCT_BUNDLE_IDENTIFIER = edu.carleton.carleton150.Carleton150;
				PRODUCT_NAME = "$(TARGET_NAME)";
				SWIFT_OBJC_BRIDGING_HEADER = "Carleton150/Carleton150-Bridging-Header.h";
				SWIFT_OPTIMIZATION_LEVEL = "-Onone";
			};
			name = Debug;
		};
		71294DD41BC6FC1500B9F81B /* Release */ = {
			isa = XCBuildConfiguration;
			baseConfigurationReference = 44F4A8948584594D31E6D696 /* Pods.release.xcconfig */;
			buildSettings = {
				ASSETCATALOG_COMPILER_APPICON_NAME = AppIcon;
				CLANG_ENABLE_MODULES = YES;
				DEFINES_MODULE = NO;
				INFOPLIST_FILE = Carleton150/Info.plist;
				LD_RUNPATH_SEARCH_PATHS = "$(inherited) @executable_path/Frameworks";
				PRODUCT_BUNDLE_IDENTIFIER = edu.carleton.carleton150.Carleton150;
				PRODUCT_NAME = "$(TARGET_NAME)";
				SWIFT_OBJC_BRIDGING_HEADER = "Carleton150/Carleton150-Bridging-Header.h";
			};
			name = Release;
		};
		71294DD91BC6FC1500B9F81B /* Debug */ = {
			isa = XCBuildConfiguration;
			baseConfigurationReference = 3FBAB4B9CF8E6ECBB08983E6 /* Pods.debug.xcconfig */;
			buildSettings = {
				INFOPLIST_FILE = Carleton150UITests/Info.plist;
				LD_RUNPATH_SEARCH_PATHS = "$(inherited) @executable_path/Frameworks @loader_path/Frameworks";
				PRODUCT_BUNDLE_IDENTIFIER = edu.carleton.carleton150.Carleton150UITests;
				PRODUCT_NAME = "$(TARGET_NAME)";
				TEST_TARGET_NAME = Carleton150;
				USES_XCTRUNNER = YES;
			};
			name = Debug;
		};
		71294DDA1BC6FC1500B9F81B /* Release */ = {
			isa = XCBuildConfiguration;
			baseConfigurationReference = 44F4A8948584594D31E6D696 /* Pods.release.xcconfig */;
			buildSettings = {
				INFOPLIST_FILE = Carleton150UITests/Info.plist;
				LD_RUNPATH_SEARCH_PATHS = "$(inherited) @executable_path/Frameworks @loader_path/Frameworks";
				PRODUCT_BUNDLE_IDENTIFIER = edu.carleton.carleton150.Carleton150UITests;
				PRODUCT_NAME = "$(TARGET_NAME)";
				TEST_TARGET_NAME = Carleton150;
				USES_XCTRUNNER = YES;
			};
			name = Release;
		};
		71CC5F761BE942CF0065AA4C /* Debug */ = {
			isa = XCBuildConfiguration;
			baseConfigurationReference = 3FBAB4B9CF8E6ECBB08983E6 /* Pods.debug.xcconfig */;
			buildSettings = {
				BUNDLE_LOADER = "$(TEST_HOST)";
				INFOPLIST_FILE = Carleton150Tests/Info.plist;
				LD_RUNPATH_SEARCH_PATHS = "$(inherited) @executable_path/Frameworks @loader_path/Frameworks";
				PRODUCT_BUNDLE_IDENTIFIER = edu.carleton.carleton150.Carleton150Tests;
				PRODUCT_NAME = "$(TARGET_NAME)";
				TEST_HOST = "$(BUILT_PRODUCTS_DIR)/Carleton150.app/Carleton150";
			};
			name = Debug;
		};
		71CC5F771BE942CF0065AA4C /* Release */ = {
			isa = XCBuildConfiguration;
			baseConfigurationReference = 44F4A8948584594D31E6D696 /* Pods.release.xcconfig */;
			buildSettings = {
				BUNDLE_LOADER = "$(TEST_HOST)";
				INFOPLIST_FILE = Carleton150Tests/Info.plist;
				LD_RUNPATH_SEARCH_PATHS = "$(inherited) @executable_path/Frameworks @loader_path/Frameworks";
				PRODUCT_BUNDLE_IDENTIFIER = edu.carleton.carleton150.Carleton150Tests;
				PRODUCT_NAME = "$(TARGET_NAME)";
				TEST_HOST = "$(BUILT_PRODUCTS_DIR)/Carleton150.app/Carleton150";
			};
			name = Release;
		};
/* End XCBuildConfiguration section */

/* Begin XCConfigurationList section */
		71294DA51BC6FC1500B9F81B /* Build configuration list for PBXProject "Carleton150" */ = {
			isa = XCConfigurationList;
			buildConfigurations = (
				71294DD01BC6FC1500B9F81B /* Debug */,
				71294DD11BC6FC1500B9F81B /* Release */,
			);
			defaultConfigurationIsVisible = 0;
			defaultConfigurationName = Release;
		};
		71294DD21BC6FC1500B9F81B /* Build configuration list for PBXNativeTarget "Carleton150" */ = {
			isa = XCConfigurationList;
			buildConfigurations = (
				71294DD31BC6FC1500B9F81B /* Debug */,
				71294DD41BC6FC1500B9F81B /* Release */,
			);
			defaultConfigurationIsVisible = 0;
			defaultConfigurationName = Release;
		};
		71294DD81BC6FC1500B9F81B /* Build configuration list for PBXNativeTarget "Carleton150UITests" */ = {
			isa = XCConfigurationList;
			buildConfigurations = (
				71294DD91BC6FC1500B9F81B /* Debug */,
				71294DDA1BC6FC1500B9F81B /* Release */,
			);
			defaultConfigurationIsVisible = 0;
			defaultConfigurationName = Release;
		};
		71CC5F751BE942CF0065AA4C /* Build configuration list for PBXNativeTarget "Carleton150Tests" */ = {
			isa = XCConfigurationList;
			buildConfigurations = (
				71CC5F761BE942CF0065AA4C /* Debug */,
				71CC5F771BE942CF0065AA4C /* Release */,
			);
			defaultConfigurationIsVisible = 0;
		};
/* End XCConfigurationList section */
	};
	rootObject = 71294DA21BC6FC1500B9F81B /* Project object */;
}
